// !$*UTF8*$!
{
	archiveVersion = 1;
	classes = {
	};
	objectVersion = 46;
	objects = {

/* Begin PBXBuildFile section */
		1AC6FB21180E996B004C840B /* libcocos2d Mac.a in Frameworks */ = {isa = PBXBuildFile; fileRef = 1AC6FAF9180E9839004C840B /* libcocos2d Mac.a */; };
		1AC6FB30180E99EB004C840B /* libcocos2d iOS.a in Frameworks */ = {isa = PBXBuildFile; fileRef = 1AC6FB07180E9839004C840B /* libcocos2d iOS.a */; };
		1D60589F0D05DD5A006BFB54 /* Foundation.framework in Frameworks */ = {isa = PBXBuildFile; fileRef = 1D30AB110D05D00D00671497 /* Foundation.framework */; };
		1DF5F4E00D08C38300B7A737 /* UIKit.framework in Frameworks */ = {isa = PBXBuildFile; fileRef = 1DF5F4DF0D08C38300B7A737 /* UIKit.framework */; };
		288765A50DF7441C002DB57D /* CoreGraphics.framework in Frameworks */ = {isa = PBXBuildFile; fileRef = 288765A40DF7441C002DB57D /* CoreGraphics.framework */; };
		294D0D641D0D56D500F7F5D4 /* CoreText.framework in Frameworks */ = {isa = PBXBuildFile; fileRef = 294D0D631D0D56D500F7F5D4 /* CoreText.framework */; };
		46880B7B19C43A67006E1F66 /* CloseNormal.png in Resources */ = {isa = PBXBuildFile; fileRef = 46880B7619C43A67006E1F66 /* CloseNormal.png */; };
		46880B7C19C43A67006E1F66 /* CloseNormal.png in Resources */ = {isa = PBXBuildFile; fileRef = 46880B7619C43A67006E1F66 /* CloseNormal.png */; };
		46880B7D19C43A67006E1F66 /* CloseSelected.png in Resources */ = {isa = PBXBuildFile; fileRef = 46880B7719C43A67006E1F66 /* CloseSelected.png */; };
		46880B7E19C43A67006E1F66 /* CloseSelected.png in Resources */ = {isa = PBXBuildFile; fileRef = 46880B7719C43A67006E1F66 /* CloseSelected.png */; };
		46880B8119C43A67006E1F66 /* HelloWorld.png in Resources */ = {isa = PBXBuildFile; fileRef = 46880B7A19C43A67006E1F66 /* HelloWorld.png */; };
		46880B8219C43A67006E1F66 /* HelloWorld.png in Resources */ = {isa = PBXBuildFile; fileRef = 46880B7A19C43A67006E1F66 /* HelloWorld.png */; };
		46880B8819C43A87006E1F66 /* AppDelegate.cpp in Sources */ = {isa = PBXBuildFile; fileRef = 46880B8419C43A87006E1F66 /* AppDelegate.cpp */; };
		46880B8919C43A87006E1F66 /* AppDelegate.cpp in Sources */ = {isa = PBXBuildFile; fileRef = 46880B8419C43A87006E1F66 /* AppDelegate.cpp */; };
		46880B8A19C43A87006E1F66 /* HelloWorldScene.cpp in Sources */ = {isa = PBXBuildFile; fileRef = 46880B8619C43A87006E1F66 /* HelloWorldScene.cpp */; };
		46880B8B19C43A87006E1F66 /* HelloWorldScene.cpp in Sources */ = {isa = PBXBuildFile; fileRef = 46880B8619C43A87006E1F66 /* HelloWorldScene.cpp */; };
		503AE0F817EB97AB00D1A890 /* Icon.icns in Resources */ = {isa = PBXBuildFile; fileRef = 503AE0F617EB97AB00D1A890 /* Icon.icns */; };
		503AE10017EB989F00D1A890 /* AppController.mm in Sources */ = {isa = PBXBuildFile; fileRef = 503AE0FB17EB989F00D1A890 /* AppController.mm */; };
		503AE10117EB989F00D1A890 /* main.m in Sources */ = {isa = PBXBuildFile; fileRef = 503AE0FC17EB989F00D1A890 /* main.m */; };
		503AE10217EB989F00D1A890 /* RootViewController.mm in Sources */ = {isa = PBXBuildFile; fileRef = 503AE0FF17EB989F00D1A890 /* RootViewController.mm */; };
		503AE10517EB98FF00D1A890 /* main.cpp in Sources */ = {isa = PBXBuildFile; fileRef = 503AE10317EB98FF00D1A890 /* main.cpp */; };
		503AE11B17EB9C5A00D1A890 /* IOKit.framework in Frameworks */ = {isa = PBXBuildFile; fileRef = 503AE11A17EB9C5A00D1A890 /* IOKit.framework */; };
		5087E76317EB910900C73F5D /* Foundation.framework in Frameworks */ = {isa = PBXBuildFile; fileRef = 1D30AB110D05D00D00671497 /* Foundation.framework */; };
		5087E76717EB910900C73F5D /* libz.dylib in Frameworks */ = {isa = PBXBuildFile; fileRef = BF170DB412928DE900B8313A /* libz.dylib */; };
		5087E76817EB910900C73F5D /* QuartzCore.framework in Frameworks */ = {isa = PBXBuildFile; fileRef = BF1C47EA1293683800B63C5D /* QuartzCore.framework */; };
		5087E76917EB910900C73F5D /* OpenAL.framework in Frameworks */ = {isa = PBXBuildFile; fileRef = D44C620B132DFF330009C878 /* OpenAL.framework */; };
		5087E76A17EB910900C73F5D /* AVFoundation.framework in Frameworks */ = {isa = PBXBuildFile; fileRef = D44C620D132DFF430009C878 /* AVFoundation.framework */; };
		5087E76B17EB910900C73F5D /* AudioToolbox.framework in Frameworks */ = {isa = PBXBuildFile; fileRef = D44C620F132DFF4E0009C878 /* AudioToolbox.framework */; };
		5087E77D17EB970100C73F5D /* Default-568h@2x.png in Resources */ = {isa = PBXBuildFile; fileRef = 5087E77217EB970100C73F5D /* Default-568h@2x.png */; };
		5087E77E17EB970100C73F5D /* Default.png in Resources */ = {isa = PBXBuildFile; fileRef = 5087E77317EB970100C73F5D /* Default.png */; };
		5087E77F17EB970100C73F5D /* Default@2x.png in Resources */ = {isa = PBXBuildFile; fileRef = 5087E77417EB970100C73F5D /* Default@2x.png */; };
		5087E78017EB970100C73F5D /* Icon-114.png in Resources */ = {isa = PBXBuildFile; fileRef = 5087E77517EB970100C73F5D /* Icon-114.png */; };
		5087E78117EB970100C73F5D /* Icon-120.png in Resources */ = {isa = PBXBuildFile; fileRef = 5087E77617EB970100C73F5D /* Icon-120.png */; };
		5087E78217EB970100C73F5D /* Icon-144.png in Resources */ = {isa = PBXBuildFile; fileRef = 5087E77717EB970100C73F5D /* Icon-144.png */; };
		5087E78317EB970100C73F5D /* Icon-152.png in Resources */ = {isa = PBXBuildFile; fileRef = 5087E77817EB970100C73F5D /* Icon-152.png */; };
		5087E78417EB970100C73F5D /* Icon-57.png in Resources */ = {isa = PBXBuildFile; fileRef = 5087E77917EB970100C73F5D /* Icon-57.png */; };
		5087E78517EB970100C73F5D /* Icon-72.png in Resources */ = {isa = PBXBuildFile; fileRef = 5087E77A17EB970100C73F5D /* Icon-72.png */; };
		5087E78617EB970100C73F5D /* Icon-76.png in Resources */ = {isa = PBXBuildFile; fileRef = 5087E77B17EB970100C73F5D /* Icon-76.png */; };
		5087E78917EB974C00C73F5D /* AppKit.framework in Frameworks */ = {isa = PBXBuildFile; fileRef = 5087E78817EB974C00C73F5D /* AppKit.framework */; };
		5087E78B17EB975400C73F5D /* OpenGL.framework in Frameworks */ = {isa = PBXBuildFile; fileRef = 5087E78A17EB975400C73F5D /* OpenGL.framework */; };
		50EF629617ECD46A001EB2F8 /* Icon-40.png in Resources */ = {isa = PBXBuildFile; fileRef = 50EF629217ECD46A001EB2F8 /* Icon-40.png */; };
		50EF629717ECD46A001EB2F8 /* Icon-58.png in Resources */ = {isa = PBXBuildFile; fileRef = 50EF629317ECD46A001EB2F8 /* Icon-58.png */; };
		50EF629817ECD46A001EB2F8 /* Icon-80.png in Resources */ = {isa = PBXBuildFile; fileRef = 50EF629417ECD46A001EB2F8 /* Icon-80.png */; };
		50EF629917ECD46A001EB2F8 /* Icon-100.png in Resources */ = {isa = PBXBuildFile; fileRef = 50EF629517ECD46A001EB2F8 /* Icon-100.png */; };
		50EF62A217ECD613001EB2F8 /* Icon-29.png in Resources */ = {isa = PBXBuildFile; fileRef = 50EF62A017ECD613001EB2F8 /* Icon-29.png */; };
		50EF62A317ECD613001EB2F8 /* Icon-50.png in Resources */ = {isa = PBXBuildFile; fileRef = 50EF62A117ECD613001EB2F8 /* Icon-50.png */; };
		521A8E6419F0C34300D177D7 /* Default-667h@2x.png in Resources */ = {isa = PBXBuildFile; fileRef = 521A8E6219F0C34300D177D7 /* Default-667h@2x.png */; };
		521A8E6519F0C34300D177D7 /* Default-736h@3x.png in Resources */ = {isa = PBXBuildFile; fileRef = 521A8E6319F0C34300D177D7 /* Default-736h@3x.png */; };
		521A8EA919F11F5000D177D7 /* fonts in Resources */ = {isa = PBXBuildFile; fileRef = 521A8EA819F11F5000D177D7 /* fonts */; };
		521A8EAA19F11F5000D177D7 /* fonts in Resources */ = {isa = PBXBuildFile; fileRef = 521A8EA819F11F5000D177D7 /* fonts */; };
		52B47A471A53D09C004E4C60 /* Security.framework in Frameworks */ = {isa = PBXBuildFile; fileRef = 52B47A461A53D09B004E4C60 /* Security.framework */; };
		82174F871EE2CBFB00A6B4E6 /* MusicSetting.cpp in Sources */ = {isa = PBXBuildFile; fileRef = 82174F851EE2CBFB00A6B4E6 /* MusicSetting.cpp */; };
		82174F881EE2CBFB00A6B4E6 /* MusicSetting.cpp in Sources */ = {isa = PBXBuildFile; fileRef = 82174F851EE2CBFB00A6B4E6 /* MusicSetting.cpp */; };
		82174F8C1EE2CCAE00A6B4E6 /* CharacterSelect.cpp in Sources */ = {isa = PBXBuildFile; fileRef = 82174F8A1EE2CCAE00A6B4E6 /* CharacterSelect.cpp */; };
		82174F8D1EE2CCAE00A6B4E6 /* CharacterSelect.cpp in Sources */ = {isa = PBXBuildFile; fileRef = 82174F8A1EE2CCAE00A6B4E6 /* CharacterSelect.cpp */; };
		821916BB1EFEA59C00E777F7 /* DataManager.cpp in Sources */ = {isa = PBXBuildFile; fileRef = 821916B91EFEA59C00E777F7 /* DataManager.cpp */; };
		821916BC1EFEA59C00E777F7 /* DataManager.cpp in Sources */ = {isa = PBXBuildFile; fileRef = 821916B91EFEA59C00E777F7 /* DataManager.cpp */; };
		8220AF491EE28D2200161461 /* PlayerController.cpp in Sources */ = {isa = PBXBuildFile; fileRef = 8220AF451EE28D2200161461 /* PlayerController.cpp */; };
		8220AF4A1EE28D2200161461 /* PlayerController.cpp in Sources */ = {isa = PBXBuildFile; fileRef = 8220AF451EE28D2200161461 /* PlayerController.cpp */; };
		8220AF4B1EE28D2200161461 /* PropController.cpp in Sources */ = {isa = PBXBuildFile; fileRef = 8220AF471EE28D2200161461 /* PropController.cpp */; };
		8220AF4C1EE28D2200161461 /* PropController.cpp in Sources */ = {isa = PBXBuildFile; fileRef = 8220AF471EE28D2200161461 /* PropController.cpp */; };
		8220AF571EE29EF100161461 /* BubbleController.cpp in Sources */ = {isa = PBXBuildFile; fileRef = 8220AF551EE29EF100161461 /* BubbleController.cpp */; };
		8220AF581EE29EF100161461 /* BubbleController.cpp in Sources */ = {isa = PBXBuildFile; fileRef = 8220AF551EE29EF100161461 /* BubbleController.cpp */; };
		8220AF5C1EE29F1200161461 /* BaseController.cpp in Sources */ = {isa = PBXBuildFile; fileRef = 8220AF5A1EE29F1200161461 /* BaseController.cpp */; };
		8220AF5D1EE29F1200161461 /* BaseController.cpp in Sources */ = {isa = PBXBuildFile; fileRef = 8220AF5A1EE29F1200161461 /* BaseController.cpp */; };
		8222CA461EA6426D00092E33 /* GameUI in Resources */ = {isa = PBXBuildFile; fileRef = 8222CA451EA6426D00092E33 /* GameUI */; };
		8222CA471EA6426D00092E33 /* GameUI in Resources */ = {isa = PBXBuildFile; fileRef = 8222CA451EA6426D00092E33 /* GameUI */; };
		825260841EE332910062167A /* riding in Resources */ = {isa = PBXBuildFile; fileRef = 825260831EE332910062167A /* riding */; };
		825260851EE332910062167A /* riding in Resources */ = {isa = PBXBuildFile; fileRef = 825260831EE332910062167A /* riding */; };
		8262943E1AAF051F00CB7CF7 /* Security.framework in Frameworks */ = {isa = PBXBuildFile; fileRef = 8262943D1AAF051F00CB7CF7 /* Security.framework */; };
		827A69BE1EA8FE750073F534 /* gameStart in Resources */ = {isa = PBXBuildFile; fileRef = 827A69BD1EA8FE750073F534 /* gameStart */; };
		827A69BF1EA8FE750073F534 /* gameStart in Resources */ = {isa = PBXBuildFile; fileRef = 827A69BD1EA8FE750073F534 /* gameStart */; };
		82982A5E1EFD56F300DC8380 /* SceneManager.cpp in Sources */ = {isa = PBXBuildFile; fileRef = 82982A5C1EFD56F300DC8380 /* SceneManager.cpp */; };
		82982A5F1EFD56F300DC8380 /* SceneManager.cpp in Sources */ = {isa = PBXBuildFile; fileRef = 82982A5C1EFD56F300DC8380 /* SceneManager.cpp */; };
		82A8788D1EC1BD76006385CC /* PropResource in Resources */ = {isa = PBXBuildFile; fileRef = 82A8788C1EC1BD75006385CC /* PropResource */; };
		82A8788E1EC1BD76006385CC /* PropResource in Resources */ = {isa = PBXBuildFile; fileRef = 82A8788C1EC1BD75006385CC /* PropResource */; };
		82A878911EC1BD7F006385CC /* GameProp in Resources */ = {isa = PBXBuildFile; fileRef = 82A878901EC1BD7F006385CC /* GameProp */; };
		82A878921EC1BD7F006385CC /* GameProp in Resources */ = {isa = PBXBuildFile; fileRef = 82A878901EC1BD7F006385CC /* GameProp */; };
		82A878941EC1C1D2006385CC /* BubbleImages in Resources */ = {isa = PBXBuildFile; fileRef = 82A878931EC1C1D2006385CC /* BubbleImages */; };
		82A878951EC1C1D2006385CC /* BubbleImages in Resources */ = {isa = PBXBuildFile; fileRef = 82A878931EC1C1D2006385CC /* BubbleImages */; };
		82C3EC961EFD318800FED0A1 /* WebClient.cpp in Sources */ = {isa = PBXBuildFile; fileRef = 82C3EC941EFD318800FED0A1 /* WebClient.cpp */; };
		82C3EC971EFD318800FED0A1 /* WebClient.cpp in Sources */ = {isa = PBXBuildFile; fileRef = 82C3EC941EFD318800FED0A1 /* WebClient.cpp */; };
		82C3EC9E1EFD3C2F00FED0A1 /* MessageDispatcher.cpp in Sources */ = {isa = PBXBuildFile; fileRef = 82C3EC9C1EFD3C2F00FED0A1 /* MessageDispatcher.cpp */; };
		82C3EC9F1EFD3C2F00FED0A1 /* MessageDispatcher.cpp in Sources */ = {isa = PBXBuildFile; fileRef = 82C3EC9C1EFD3C2F00FED0A1 /* MessageDispatcher.cpp */; };
		82C3ECA21EFD40C700FED0A1 /* MessageRecvDispatcher.cpp in Sources */ = {isa = PBXBuildFile; fileRef = 82C3ECA01EFD40C700FED0A1 /* MessageRecvDispatcher.cpp */; };
		82C3ECA31EFD40C700FED0A1 /* MessageRecvDispatcher.cpp in Sources */ = {isa = PBXBuildFile; fileRef = 82C3ECA01EFD40C700FED0A1 /* MessageRecvDispatcher.cpp */; };
		82CEB9121EF27085002A38D4 /* LoginScene.cpp in Sources */ = {isa = PBXBuildFile; fileRef = 82CEB9101EF27085002A38D4 /* LoginScene.cpp */; };
		82CEB9131EF27085002A38D4 /* LoginScene.cpp in Sources */ = {isa = PBXBuildFile; fileRef = 82CEB9101EF27085002A38D4 /* LoginScene.cpp */; };
		82E9FEF91ED80A9C007C3AC0 /* GameScene.cpp in Sources */ = {isa = PBXBuildFile; fileRef = 82E9FEE51ED80A9C007C3AC0 /* GameScene.cpp */; };
		82E9FEFA1ED80A9C007C3AC0 /* GameScene.cpp in Sources */ = {isa = PBXBuildFile; fileRef = 82E9FEE51ED80A9C007C3AC0 /* GameScene.cpp */; };
		82E9FEFB1ED80A9C007C3AC0 /* MapScene.cpp in Sources */ = {isa = PBXBuildFile; fileRef = 82E9FEE71ED80A9C007C3AC0 /* MapScene.cpp */; };
		82E9FEFC1ED80A9C007C3AC0 /* MapScene.cpp in Sources */ = {isa = PBXBuildFile; fileRef = 82E9FEE71ED80A9C007C3AC0 /* MapScene.cpp */; };
		82E9FEFD1ED80A9C007C3AC0 /* OpenScene.cpp in Sources */ = {isa = PBXBuildFile; fileRef = 82E9FEE91ED80A9C007C3AC0 /* OpenScene.cpp */; };
		82E9FEFE1ED80A9C007C3AC0 /* OpenScene.cpp in Sources */ = {isa = PBXBuildFile; fileRef = 82E9FEE91ED80A9C007C3AC0 /* OpenScene.cpp */; };
		82E9FEFF1ED80A9C007C3AC0 /* PauseWithLabelLayer.cpp in Sources */ = {isa = PBXBuildFile; fileRef = 82E9FEEB1ED80A9C007C3AC0 /* PauseWithLabelLayer.cpp */; };
		82E9FF001ED80A9C007C3AC0 /* PauseWithLabelLayer.cpp in Sources */ = {isa = PBXBuildFile; fileRef = 82E9FEEB1ED80A9C007C3AC0 /* PauseWithLabelLayer.cpp */; };
		82E9FF011ED80A9C007C3AC0 /* PreLoadScene.cpp in Sources */ = {isa = PBXBuildFile; fileRef = 82E9FEED1ED80A9C007C3AC0 /* PreLoadScene.cpp */; };
		82E9FF021ED80A9C007C3AC0 /* PreLoadScene.cpp in Sources */ = {isa = PBXBuildFile; fileRef = 82E9FEED1ED80A9C007C3AC0 /* PreLoadScene.cpp */; };
		82E9FF031ED80A9C007C3AC0 /* RoomChooseScene.cpp in Sources */ = {isa = PBXBuildFile; fileRef = 82E9FEEF1ED80A9C007C3AC0 /* RoomChooseScene.cpp */; };
		82E9FF041ED80A9C007C3AC0 /* RoomChooseScene.cpp in Sources */ = {isa = PBXBuildFile; fileRef = 82E9FEEF1ED80A9C007C3AC0 /* RoomChooseScene.cpp */; };
		82E9FF051ED80A9C007C3AC0 /* SettingScene.cpp in Sources */ = {isa = PBXBuildFile; fileRef = 82E9FEF11ED80A9C007C3AC0 /* SettingScene.cpp */; };
		82E9FF061ED80A9C007C3AC0 /* SettingScene.cpp in Sources */ = {isa = PBXBuildFile; fileRef = 82E9FEF11ED80A9C007C3AC0 /* SettingScene.cpp */; };
		82E9FF071ED80A9C007C3AC0 /* SwallowTouch.cpp in Sources */ = {isa = PBXBuildFile; fileRef = 82E9FEF31ED80A9C007C3AC0 /* SwallowTouch.cpp */; };
		82E9FF081ED80A9C007C3AC0 /* SwallowTouch.cpp in Sources */ = {isa = PBXBuildFile; fileRef = 82E9FEF31ED80A9C007C3AC0 /* SwallowTouch.cpp */; };
		82E9FF091ED80A9C007C3AC0 /* ToStart.cpp in Sources */ = {isa = PBXBuildFile; fileRef = 82E9FEF51ED80A9C007C3AC0 /* ToStart.cpp */; };
		82E9FF0A1ED80A9C007C3AC0 /* ToStart.cpp in Sources */ = {isa = PBXBuildFile; fileRef = 82E9FEF51ED80A9C007C3AC0 /* ToStart.cpp */; };
		82E9FF131ED80C47007C3AC0 /* Bubbles.cpp in Sources */ = {isa = PBXBuildFile; fileRef = 82E9FF0D1ED80C47007C3AC0 /* Bubbles.cpp */; };
		82E9FF141ED80C47007C3AC0 /* Bubbles.cpp in Sources */ = {isa = PBXBuildFile; fileRef = 82E9FF0D1ED80C47007C3AC0 /* Bubbles.cpp */; };
		82E9FF151ED80C47007C3AC0 /* Character.cpp in Sources */ = {isa = PBXBuildFile; fileRef = 82E9FF0F1ED80C47007C3AC0 /* Character.cpp */; };
		82E9FF161ED80C47007C3AC0 /* Character.cpp in Sources */ = {isa = PBXBuildFile; fileRef = 82E9FF0F1ED80C47007C3AC0 /* Character.cpp */; };
		82E9FF171ED80C47007C3AC0 /* GameItem.cpp in Sources */ = {isa = PBXBuildFile; fileRef = 82E9FF111ED80C47007C3AC0 /* GameItem.cpp */; };
		82E9FF181ED80C47007C3AC0 /* GameItem.cpp in Sources */ = {isa = PBXBuildFile; fileRef = 82E9FF111ED80C47007C3AC0 /* GameItem.cpp */; };
		82E9FF1D1ED80C65007C3AC0 /* BaseFSM.cpp in Sources */ = {isa = PBXBuildFile; fileRef = 82E9FF191ED80C65007C3AC0 /* BaseFSM.cpp */; };
		82E9FF1E1ED80C65007C3AC0 /* BaseFSM.cpp in Sources */ = {isa = PBXBuildFile; fileRef = 82E9FF191ED80C65007C3AC0 /* BaseFSM.cpp */; };
		82E9FF1F1ED80C65007C3AC0 /* CharacterFSM.cpp in Sources */ = {isa = PBXBuildFile; fileRef = 82E9FF1B1ED80C65007C3AC0 /* CharacterFSM.cpp */; };
		82E9FF201ED80C65007C3AC0 /* CharacterFSM.cpp in Sources */ = {isa = PBXBuildFile; fileRef = 82E9FF1B1ED80C65007C3AC0 /* CharacterFSM.cpp */; };
		82EA52161EF2F2E200D61C17 /* effect in Resources */ = {isa = PBXBuildFile; fileRef = 82EA52151EF2F2E200D61C17 /* effect */; };
		82EA52171EF2F2E200D61C17 /* effect in Resources */ = {isa = PBXBuildFile; fileRef = 82EA52151EF2F2E200D61C17 /* effect */; };
		82EA521A1EF2F2EC00D61C17 /* music in Resources */ = {isa = PBXBuildFile; fileRef = 82EA52191EF2F2EC00D61C17 /* music */; };
		82EA521B1EF2F2EC00D61C17 /* music in Resources */ = {isa = PBXBuildFile; fileRef = 82EA52191EF2F2EC00D61C17 /* music */; };
		82F3876E1EEEBDEC00E44B8E /* TextField.cpp in Sources */ = {isa = PBXBuildFile; fileRef = 82F3876C1EEEBDEC00E44B8E /* TextField.cpp */; };
		82F3876F1EEEBDEC00E44B8E /* TextField.cpp in Sources */ = {isa = PBXBuildFile; fileRef = 82F3876C1EEEBDEC00E44B8E /* TextField.cpp */; };
		82F387731EEEBDFB00E44B8E /* PropLayer.cpp in Sources */ = {isa = PBXBuildFile; fileRef = 82F387711EEEBDFB00E44B8E /* PropLayer.cpp */; };
		82F387741EEEBDFB00E44B8E /* PropLayer.cpp in Sources */ = {isa = PBXBuildFile; fileRef = 82F387711EEEBDFB00E44B8E /* PropLayer.cpp */; };
		82F387771EEEF14800E44B8E /* Vehicle.cpp in Sources */ = {isa = PBXBuildFile; fileRef = 82F387751EEEF14800E44B8E /* Vehicle.cpp */; };
		82F387781EEEF14800E44B8E /* Vehicle.cpp in Sources */ = {isa = PBXBuildFile; fileRef = 82F387751EEEF14800E44B8E /* Vehicle.cpp */; };
		82F3DBF21EA267EB00C6DBDA /* music in Resources */ = {isa = PBXBuildFile; fileRef = 82F3DBF11EA267EB00C6DBDA /* music */; };
		82F3DBF31EA267EB00C6DBDA /* music in Resources */ = {isa = PBXBuildFile; fileRef = 82F3DBF11EA267EB00C6DBDA /* music */; };
		82F3DBF51EA26A2700C6DBDA /* BackGround in Resources */ = {isa = PBXBuildFile; fileRef = 82F3DBF41EA26A2700C6DBDA /* BackGround */; };
		82F3DBF61EA26A2700C6DBDA /* BackGround in Resources */ = {isa = PBXBuildFile; fileRef = 82F3DBF41EA26A2700C6DBDA /* BackGround */; };
		82FD4FD31ECF15B500025573 /* CommonUse.cpp in Sources */ = {isa = PBXBuildFile; fileRef = 82FD4FD11ECF15B500025573 /* CommonUse.cpp */; };
		82FD4FD41ECF15B500025573 /* CommonUse.cpp in Sources */ = {isa = PBXBuildFile; fileRef = 82FD4FD11ECF15B500025573 /* CommonUse.cpp */; };
		82FE4D961EF29D0F00ED1C01 /* ChatBox.cpp in Sources */ = {isa = PBXBuildFile; fileRef = 82FE4D941EF29D0F00ED1C01 /* ChatBox.cpp */; };
		82FE4D971EF29D0F00ED1C01 /* ChatBox.cpp in Sources */ = {isa = PBXBuildFile; fileRef = 82FE4D941EF29D0F00ED1C01 /* ChatBox.cpp */; };
		82FFA9671EA9FA7C0061D94D /* GameBubble in Resources */ = {isa = PBXBuildFile; fileRef = 82FFA9641EA9FA7C0061D94D /* GameBubble */; };
		82FFA9681EA9FA7C0061D94D /* GameBubble in Resources */ = {isa = PBXBuildFile; fileRef = 82FFA9641EA9FA7C0061D94D /* GameBubble */; };
		82FFA96B1EA9FA7C0061D94D /* GamePlayer in Resources */ = {isa = PBXBuildFile; fileRef = 82FFA9661EA9FA7C0061D94D /* GamePlayer */; };
		82FFA96C1EA9FA7C0061D94D /* GamePlayer in Resources */ = {isa = PBXBuildFile; fileRef = 82FFA9661EA9FA7C0061D94D /* GamePlayer */; };
		BF171245129291EC00B8313A /* OpenGLES.framework in Frameworks */ = {isa = PBXBuildFile; fileRef = BF170DB012928DE900B8313A /* OpenGLES.framework */; };
		BF1712471292920000B8313A /* libz.dylib in Frameworks */ = {isa = PBXBuildFile; fileRef = BF170DB412928DE900B8313A /* libz.dylib */; };
		BF1C47F01293687400B63C5D /* QuartzCore.framework in Frameworks */ = {isa = PBXBuildFile; fileRef = BF1C47EA1293683800B63C5D /* QuartzCore.framework */; };
		D44C620C132DFF330009C878 /* OpenAL.framework in Frameworks */ = {isa = PBXBuildFile; fileRef = D44C620B132DFF330009C878 /* OpenAL.framework */; };
		D44C620E132DFF430009C878 /* AVFoundation.framework in Frameworks */ = {isa = PBXBuildFile; fileRef = D44C620D132DFF430009C878 /* AVFoundation.framework */; };
		D44C6210132DFF4E0009C878 /* AudioToolbox.framework in Frameworks */ = {isa = PBXBuildFile; fileRef = D44C620F132DFF4E0009C878 /* AudioToolbox.framework */; };
		D6B0611B1803AB670077942B /* CoreMotion.framework in Frameworks */ = {isa = PBXBuildFile; fileRef = D6B0611A1803AB670077942B /* CoreMotion.framework */; };
		ED545A7C1B68A1F400C3958E /* libiconv.dylib in Frameworks */ = {isa = PBXBuildFile; fileRef = ED545A7B1B68A1F400C3958E /* libiconv.dylib */; };
		ED545A7E1B68A1FA00C3958E /* libiconv.dylib in Frameworks */ = {isa = PBXBuildFile; fileRef = ED545A7D1B68A1FA00C3958E /* libiconv.dylib */; };
/* End PBXBuildFile section */

/* Begin PBXContainerItemProxy section */
		1AC6FAF8180E9839004C840B /* PBXContainerItemProxy */ = {
			isa = PBXContainerItemProxy;
			containerPortal = 1AC6FAE5180E9839004C840B /* cocos2d_libs.xcodeproj */;
			proxyType = 2;
			remoteGlobalIDString = 1551A33F158F2AB200E66CFE;
			remoteInfo = "cocos2dx Mac";
		};
		1AC6FB06180E9839004C840B /* PBXContainerItemProxy */ = {
			isa = PBXContainerItemProxy;
			containerPortal = 1AC6FAE5180E9839004C840B /* cocos2d_libs.xcodeproj */;
			proxyType = 2;
			remoteGlobalIDString = A07A4D641783777C0073F6A7;
			remoteInfo = "cocos2dx iOS";
		};
		1AC6FB15180E9959004C840B /* PBXContainerItemProxy */ = {
			isa = PBXContainerItemProxy;
			containerPortal = 1AC6FAE5180E9839004C840B /* cocos2d_libs.xcodeproj */;
			proxyType = 1;
			remoteGlobalIDString = 1551A33E158F2AB200E66CFE;
			remoteInfo = "cocos2dx Mac";
		};
		1AC6FB24180E99E1004C840B /* PBXContainerItemProxy */ = {
			isa = PBXContainerItemProxy;
			containerPortal = 1AC6FAE5180E9839004C840B /* cocos2d_libs.xcodeproj */;
			proxyType = 1;
			remoteGlobalIDString = A07A4C241783777C0073F6A7;
			remoteInfo = "cocos2dx iOS";
		};
		82F3DBDD1EA262BA00C6DBDA /* PBXContainerItemProxy */ = {
			isa = PBXContainerItemProxy;
			containerPortal = 1AC6FAE5180E9839004C840B /* cocos2d_libs.xcodeproj */;
			proxyType = 2;
			remoteGlobalIDString = 507B40FD1C31BDD30067B53E;
			remoteInfo = "libcocos2d tvOS";
		};
/* End PBXContainerItemProxy section */

/* Begin PBXFileReference section */
		1AC6FAE5180E9839004C840B /* cocos2d_libs.xcodeproj */ = {isa = PBXFileReference; lastKnownFileType = "wrapper.pb-project"; name = cocos2d_libs.xcodeproj; path = ../cocos2d/build/cocos2d_libs.xcodeproj; sourceTree = "<group>"; };
		1ACB3243164770DE00914215 /* libcurl.a */ = {isa = PBXFileReference; lastKnownFileType = archive.ar; name = libcurl.a; path = ../../cocos2dx/platform/third_party/ios/libraries/libcurl.a; sourceTree = "<group>"; };
		1D30AB110D05D00D00671497 /* Foundation.framework */ = {isa = PBXFileReference; lastKnownFileType = wrapper.framework; name = Foundation.framework; path = System/Library/Frameworks/Foundation.framework; sourceTree = SDKROOT; };
		1D6058910D05DD3D006BFB54 /* MyCppGame-mobile.app */ = {isa = PBXFileReference; explicitFileType = wrapper.application; includeInIndex = 0; path = "MyCppGame-mobile.app"; sourceTree = BUILT_PRODUCTS_DIR; };
		1DF5F4DF0D08C38300B7A737 /* UIKit.framework */ = {isa = PBXFileReference; lastKnownFileType = wrapper.framework; name = UIKit.framework; path = System/Library/Frameworks/UIKit.framework; sourceTree = SDKROOT; };
		288765A40DF7441C002DB57D /* CoreGraphics.framework */ = {isa = PBXFileReference; lastKnownFileType = wrapper.framework; name = CoreGraphics.framework; path = System/Library/Frameworks/CoreGraphics.framework; sourceTree = SDKROOT; };
		294D0D631D0D56D500F7F5D4 /* CoreText.framework */ = {isa = PBXFileReference; lastKnownFileType = wrapper.framework; name = CoreText.framework; path = Platforms/iPhoneOS.platform/Developer/SDKs/iPhoneOS9.3.sdk/System/Library/Frameworks/CoreText.framework; sourceTree = DEVELOPER_DIR; };
		46880B7619C43A67006E1F66 /* CloseNormal.png */ = {isa = PBXFileReference; lastKnownFileType = image.png; path = CloseNormal.png; sourceTree = "<group>"; };
		46880B7719C43A67006E1F66 /* CloseSelected.png */ = {isa = PBXFileReference; lastKnownFileType = image.png; path = CloseSelected.png; sourceTree = "<group>"; };
		46880B7A19C43A67006E1F66 /* HelloWorld.png */ = {isa = PBXFileReference; lastKnownFileType = image.png; path = HelloWorld.png; sourceTree = "<group>"; };
		46880B8419C43A87006E1F66 /* AppDelegate.cpp */ = {isa = PBXFileReference; fileEncoding = 4; lastKnownFileType = sourcecode.cpp.cpp; path = AppDelegate.cpp; sourceTree = "<group>"; };
		46880B8519C43A87006E1F66 /* AppDelegate.h */ = {isa = PBXFileReference; fileEncoding = 4; lastKnownFileType = sourcecode.c.h; path = AppDelegate.h; sourceTree = "<group>"; };
		46880B8619C43A87006E1F66 /* HelloWorldScene.cpp */ = {isa = PBXFileReference; fileEncoding = 4; lastKnownFileType = sourcecode.cpp.cpp; path = HelloWorldScene.cpp; sourceTree = "<group>"; };
		46880B8719C43A87006E1F66 /* HelloWorldScene.h */ = {isa = PBXFileReference; fileEncoding = 4; lastKnownFileType = sourcecode.c.h; path = HelloWorldScene.h; sourceTree = "<group>"; };
		503AE0F617EB97AB00D1A890 /* Icon.icns */ = {isa = PBXFileReference; lastKnownFileType = image.icns; path = Icon.icns; sourceTree = "<group>"; };
		503AE0F717EB97AB00D1A890 /* Info.plist */ = {isa = PBXFileReference; fileEncoding = 4; lastKnownFileType = text.plist.xml; path = Info.plist; sourceTree = "<group>"; };
		503AE0FA17EB989F00D1A890 /* AppController.h */ = {isa = PBXFileReference; fileEncoding = 4; lastKnownFileType = sourcecode.c.h; name = AppController.h; path = ios/AppController.h; sourceTree = SOURCE_ROOT; };
		503AE0FB17EB989F00D1A890 /* AppController.mm */ = {isa = PBXFileReference; fileEncoding = 4; lastKnownFileType = sourcecode.cpp.objcpp; name = AppController.mm; path = ios/AppController.mm; sourceTree = SOURCE_ROOT; };
		503AE0FC17EB989F00D1A890 /* main.m */ = {isa = PBXFileReference; fileEncoding = 4; lastKnownFileType = sourcecode.c.objc; name = main.m; path = ios/main.m; sourceTree = SOURCE_ROOT; };
		503AE0FD17EB989F00D1A890 /* Prefix.pch */ = {isa = PBXFileReference; fileEncoding = 4; lastKnownFileType = sourcecode.c.h; name = Prefix.pch; path = ios/Prefix.pch; sourceTree = SOURCE_ROOT; };
		503AE0FE17EB989F00D1A890 /* RootViewController.h */ = {isa = PBXFileReference; fileEncoding = 4; lastKnownFileType = sourcecode.c.h; name = RootViewController.h; path = ios/RootViewController.h; sourceTree = SOURCE_ROOT; };
		503AE0FF17EB989F00D1A890 /* RootViewController.mm */ = {isa = PBXFileReference; fileEncoding = 4; lastKnownFileType = sourcecode.cpp.objcpp; name = RootViewController.mm; path = ios/RootViewController.mm; sourceTree = SOURCE_ROOT; };
		503AE10317EB98FF00D1A890 /* main.cpp */ = {isa = PBXFileReference; fileEncoding = 4; lastKnownFileType = sourcecode.cpp.cpp; name = main.cpp; path = mac/main.cpp; sourceTree = "<group>"; };
		503AE10417EB98FF00D1A890 /* Prefix.pch */ = {isa = PBXFileReference; fileEncoding = 4; lastKnownFileType = sourcecode.c.h; name = Prefix.pch; path = mac/Prefix.pch; sourceTree = "<group>"; };
		503AE11117EB99EE00D1A890 /* libcurl.dylib */ = {isa = PBXFileReference; lastKnownFileType = "compiled.mach-o.dylib"; name = libcurl.dylib; path = usr/lib/libcurl.dylib; sourceTree = SDKROOT; };
		503AE11A17EB9C5A00D1A890 /* IOKit.framework */ = {isa = PBXFileReference; lastKnownFileType = wrapper.framework; name = IOKit.framework; path = System/Library/Frameworks/IOKit.framework; sourceTree = SDKROOT; };
		5087E76F17EB910900C73F5D /* MyCppGame-desktop.app */ = {isa = PBXFileReference; explicitFileType = wrapper.application; includeInIndex = 0; path = "MyCppGame-desktop.app"; sourceTree = BUILT_PRODUCTS_DIR; };
		5087E77217EB970100C73F5D /* Default-568h@2x.png */ = {isa = PBXFileReference; lastKnownFileType = image.png; path = "Default-568h@2x.png"; sourceTree = "<group>"; };
		5087E77317EB970100C73F5D /* Default.png */ = {isa = PBXFileReference; lastKnownFileType = image.png; path = Default.png; sourceTree = "<group>"; };
		5087E77417EB970100C73F5D /* Default@2x.png */ = {isa = PBXFileReference; lastKnownFileType = image.png; path = "Default@2x.png"; sourceTree = "<group>"; };
		5087E77517EB970100C73F5D /* Icon-114.png */ = {isa = PBXFileReference; lastKnownFileType = image.png; path = "Icon-114.png"; sourceTree = "<group>"; };
		5087E77617EB970100C73F5D /* Icon-120.png */ = {isa = PBXFileReference; lastKnownFileType = image.png; path = "Icon-120.png"; sourceTree = "<group>"; };
		5087E77717EB970100C73F5D /* Icon-144.png */ = {isa = PBXFileReference; lastKnownFileType = image.png; path = "Icon-144.png"; sourceTree = "<group>"; };
		5087E77817EB970100C73F5D /* Icon-152.png */ = {isa = PBXFileReference; lastKnownFileType = image.png; path = "Icon-152.png"; sourceTree = "<group>"; };
		5087E77917EB970100C73F5D /* Icon-57.png */ = {isa = PBXFileReference; lastKnownFileType = image.png; path = "Icon-57.png"; sourceTree = "<group>"; };
		5087E77A17EB970100C73F5D /* Icon-72.png */ = {isa = PBXFileReference; lastKnownFileType = image.png; path = "Icon-72.png"; sourceTree = "<group>"; };
		5087E77B17EB970100C73F5D /* Icon-76.png */ = {isa = PBXFileReference; lastKnownFileType = image.png; path = "Icon-76.png"; sourceTree = "<group>"; };
		5087E77C17EB970100C73F5D /* Info.plist */ = {isa = PBXFileReference; fileEncoding = 4; lastKnownFileType = text.plist.xml; path = Info.plist; sourceTree = "<group>"; };
		5087E78817EB974C00C73F5D /* AppKit.framework */ = {isa = PBXFileReference; lastKnownFileType = wrapper.framework; name = AppKit.framework; path = System/Library/Frameworks/AppKit.framework; sourceTree = SDKROOT; };
		5087E78A17EB975400C73F5D /* OpenGL.framework */ = {isa = PBXFileReference; lastKnownFileType = wrapper.framework; name = OpenGL.framework; path = System/Library/Frameworks/OpenGL.framework; sourceTree = SDKROOT; };
		50EF629217ECD46A001EB2F8 /* Icon-40.png */ = {isa = PBXFileReference; lastKnownFileType = image.png; path = "Icon-40.png"; sourceTree = "<group>"; };
		50EF629317ECD46A001EB2F8 /* Icon-58.png */ = {isa = PBXFileReference; lastKnownFileType = image.png; path = "Icon-58.png"; sourceTree = "<group>"; };
		50EF629417ECD46A001EB2F8 /* Icon-80.png */ = {isa = PBXFileReference; lastKnownFileType = image.png; path = "Icon-80.png"; sourceTree = "<group>"; };
		50EF629517ECD46A001EB2F8 /* Icon-100.png */ = {isa = PBXFileReference; lastKnownFileType = image.png; path = "Icon-100.png"; sourceTree = "<group>"; };
		50EF62A017ECD613001EB2F8 /* Icon-29.png */ = {isa = PBXFileReference; lastKnownFileType = image.png; path = "Icon-29.png"; sourceTree = "<group>"; };
		50EF62A117ECD613001EB2F8 /* Icon-50.png */ = {isa = PBXFileReference; lastKnownFileType = image.png; path = "Icon-50.png"; sourceTree = "<group>"; };
		521A8E6219F0C34300D177D7 /* Default-667h@2x.png */ = {isa = PBXFileReference; lastKnownFileType = image.png; path = "Default-667h@2x.png"; sourceTree = "<group>"; };
		521A8E6319F0C34300D177D7 /* Default-736h@3x.png */ = {isa = PBXFileReference; lastKnownFileType = image.png; path = "Default-736h@3x.png"; sourceTree = "<group>"; };
		521A8EA819F11F5000D177D7 /* fonts */ = {isa = PBXFileReference; lastKnownFileType = folder; path = fonts; sourceTree = "<group>"; };
		52B47A461A53D09B004E4C60 /* Security.framework */ = {isa = PBXFileReference; lastKnownFileType = wrapper.framework; name = Security.framework; path = Platforms/iPhoneOS.platform/Developer/SDKs/iPhoneOS8.1.sdk/System/Library/Frameworks/Security.framework; sourceTree = DEVELOPER_DIR; };
		82174F851EE2CBFB00A6B4E6 /* MusicSetting.cpp */ = {isa = PBXFileReference; fileEncoding = 4; lastKnownFileType = sourcecode.cpp.cpp; name = MusicSetting.cpp; path = view/MusicSetting.cpp; sourceTree = "<group>"; };
		82174F861EE2CBFB00A6B4E6 /* MusicSetting.h */ = {isa = PBXFileReference; fileEncoding = 4; lastKnownFileType = sourcecode.c.h; name = MusicSetting.h; path = view/MusicSetting.h; sourceTree = "<group>"; };
		82174F8A1EE2CCAE00A6B4E6 /* CharacterSelect.cpp */ = {isa = PBXFileReference; fileEncoding = 4; lastKnownFileType = sourcecode.cpp.cpp; name = CharacterSelect.cpp; path = view/CharacterSelect.cpp; sourceTree = "<group>"; };
		82174F8B1EE2CCAE00A6B4E6 /* CharacterSelect.h */ = {isa = PBXFileReference; fileEncoding = 4; lastKnownFileType = sourcecode.c.h; name = CharacterSelect.h; path = view/CharacterSelect.h; sourceTree = "<group>"; };
		821916B91EFEA59C00E777F7 /* DataManager.cpp */ = {isa = PBXFileReference; fileEncoding = 4; lastKnownFileType = sourcecode.cpp.cpp; path = DataManager.cpp; sourceTree = "<group>"; };
		821916BA1EFEA59C00E777F7 /* DataManager.h */ = {isa = PBXFileReference; fileEncoding = 4; lastKnownFileType = sourcecode.c.h; path = DataManager.h; sourceTree = "<group>"; };
		8220AF451EE28D2200161461 /* PlayerController.cpp */ = {isa = PBXFileReference; fileEncoding = 4; lastKnownFileType = sourcecode.cpp.cpp; name = PlayerController.cpp; path = controller/PlayerController.cpp; sourceTree = "<group>"; };
		8220AF461EE28D2200161461 /* PlayerController.h */ = {isa = PBXFileReference; fileEncoding = 4; lastKnownFileType = sourcecode.c.h; name = PlayerController.h; path = controller/PlayerController.h; sourceTree = "<group>"; };
		8220AF471EE28D2200161461 /* PropController.cpp */ = {isa = PBXFileReference; fileEncoding = 4; lastKnownFileType = sourcecode.cpp.cpp; name = PropController.cpp; path = controller/PropController.cpp; sourceTree = "<group>"; };
		8220AF481EE28D2200161461 /* PropController.h */ = {isa = PBXFileReference; fileEncoding = 4; lastKnownFileType = sourcecode.c.h; name = PropController.h; path = controller/PropController.h; sourceTree = "<group>"; };
		8220AF551EE29EF100161461 /* BubbleController.cpp */ = {isa = PBXFileReference; fileEncoding = 4; lastKnownFileType = sourcecode.cpp.cpp; name = BubbleController.cpp; path = controller/BubbleController.cpp; sourceTree = "<group>"; };
		8220AF561EE29EF100161461 /* BubbleController.h */ = {isa = PBXFileReference; fileEncoding = 4; lastKnownFileType = sourcecode.c.h; name = BubbleController.h; path = controller/BubbleController.h; sourceTree = "<group>"; };
		8220AF5A1EE29F1200161461 /* BaseController.cpp */ = {isa = PBXFileReference; fileEncoding = 4; lastKnownFileType = sourcecode.cpp.cpp; name = BaseController.cpp; path = controller/BaseController.cpp; sourceTree = "<group>"; };
		8220AF5B1EE29F1200161461 /* BaseController.h */ = {isa = PBXFileReference; fileEncoding = 4; lastKnownFileType = sourcecode.c.h; name = BaseController.h; path = controller/BaseController.h; sourceTree = "<group>"; };
		8222CA451EA6426D00092E33 /* GameUI */ = {isa = PBXFileReference; lastKnownFileType = folder; path = GameUI; sourceTree = "<group>"; };
		825260831EE332910062167A /* riding */ = {isa = PBXFileReference; lastKnownFileType = folder; path = riding; sourceTree = "<group>"; };
		8262943D1AAF051F00CB7CF7 /* Security.framework */ = {isa = PBXFileReference; lastKnownFileType = wrapper.framework; name = Security.framework; path = System/Library/Frameworks/Security.framework; sourceTree = SDKROOT; };
		827A69BD1EA8FE750073F534 /* gameStart */ = {isa = PBXFileReference; lastKnownFileType = folder; path = gameStart; sourceTree = "<group>"; };
		82982A5C1EFD56F300DC8380 /* SceneManager.cpp */ = {isa = PBXFileReference; fileEncoding = 4; lastKnownFileType = sourcecode.cpp.cpp; path = SceneManager.cpp; sourceTree = "<group>"; };
		82982A5D1EFD56F300DC8380 /* SceneManager.h */ = {isa = PBXFileReference; fileEncoding = 4; lastKnownFileType = sourcecode.c.h; path = SceneManager.h; sourceTree = "<group>"; };
		82A8788C1EC1BD75006385CC /* PropResource */ = {isa = PBXFileReference; lastKnownFileType = folder; path = PropResource; sourceTree = "<group>"; };
		82A878901EC1BD7F006385CC /* GameProp */ = {isa = PBXFileReference; lastKnownFileType = folder; path = GameProp; sourceTree = "<group>"; };
		82A878931EC1C1D2006385CC /* BubbleImages */ = {isa = PBXFileReference; lastKnownFileType = folder; path = BubbleImages; sourceTree = "<group>"; };
		82C3EC941EFD318800FED0A1 /* WebClient.cpp */ = {isa = PBXFileReference; fileEncoding = 4; lastKnownFileType = sourcecode.cpp.cpp; name = WebClient.cpp; path = Network/WebClient.cpp; sourceTree = "<group>"; };
		82C3EC951EFD318800FED0A1 /* WebClient.h */ = {isa = PBXFileReference; fileEncoding = 4; lastKnownFileType = sourcecode.c.h; name = WebClient.h; path = Network/WebClient.h; sourceTree = "<group>"; };
		82C3EC9C1EFD3C2F00FED0A1 /* MessageDispatcher.cpp */ = {isa = PBXFileReference; fileEncoding = 4; lastKnownFileType = sourcecode.cpp.cpp; name = MessageDispatcher.cpp; path = Network/MessageDispatcher.cpp; sourceTree = "<group>"; };
		82C3EC9D1EFD3C2F00FED0A1 /* MessageDispatcher.h */ = {isa = PBXFileReference; fileEncoding = 4; lastKnownFileType = sourcecode.c.h; name = MessageDispatcher.h; path = Network/MessageDispatcher.h; sourceTree = "<group>"; };
		82C3ECA01EFD40C700FED0A1 /* MessageRecvDispatcher.cpp */ = {isa = PBXFileReference; fileEncoding = 4; lastKnownFileType = sourcecode.cpp.cpp; path = MessageRecvDispatcher.cpp; sourceTree = "<group>"; };
		82C3ECA11EFD40C700FED0A1 /* MessageRecvDispatcher.h */ = {isa = PBXFileReference; fileEncoding = 4; lastKnownFileType = sourcecode.c.h; path = MessageRecvDispatcher.h; sourceTree = "<group>"; };
		82C45F691EC09B6C001BD822 /* Settings.h */ = {isa = PBXFileReference; fileEncoding = 4; lastKnownFileType = sourcecode.c.h; path = Settings.h; sourceTree = "<group>"; };
		82CEB9101EF27085002A38D4 /* LoginScene.cpp */ = {isa = PBXFileReference; fileEncoding = 4; lastKnownFileType = sourcecode.cpp.cpp; name = LoginScene.cpp; path = view/LoginScene.cpp; sourceTree = "<group>"; };
		82CEB9111EF27085002A38D4 /* LoginScene.h */ = {isa = PBXFileReference; fileEncoding = 4; lastKnownFileType = sourcecode.c.h; name = LoginScene.h; path = view/LoginScene.h; sourceTree = "<group>"; };
		82E9FEE51ED80A9C007C3AC0 /* GameScene.cpp */ = {isa = PBXFileReference; fileEncoding = 4; lastKnownFileType = sourcecode.cpp.cpp; name = GameScene.cpp; path = view/GameScene.cpp; sourceTree = "<group>"; };
		82E9FEE61ED80A9C007C3AC0 /* GameScene.h */ = {isa = PBXFileReference; fileEncoding = 4; lastKnownFileType = sourcecode.c.h; name = GameScene.h; path = view/GameScene.h; sourceTree = "<group>"; };
		82E9FEE71ED80A9C007C3AC0 /* MapScene.cpp */ = {isa = PBXFileReference; fileEncoding = 4; lastKnownFileType = sourcecode.cpp.cpp; name = MapScene.cpp; path = view/MapScene.cpp; sourceTree = "<group>"; };
		82E9FEE81ED80A9C007C3AC0 /* MapScene.h */ = {isa = PBXFileReference; fileEncoding = 4; lastKnownFileType = sourcecode.c.h; name = MapScene.h; path = view/MapScene.h; sourceTree = "<group>"; };
		82E9FEE91ED80A9C007C3AC0 /* OpenScene.cpp */ = {isa = PBXFileReference; fileEncoding = 4; lastKnownFileType = sourcecode.cpp.cpp; name = OpenScene.cpp; path = view/OpenScene.cpp; sourceTree = "<group>"; };
		82E9FEEA1ED80A9C007C3AC0 /* OpenScene.h */ = {isa = PBXFileReference; fileEncoding = 4; lastKnownFileType = sourcecode.c.h; name = OpenScene.h; path = view/OpenScene.h; sourceTree = "<group>"; };
		82E9FEEB1ED80A9C007C3AC0 /* PauseWithLabelLayer.cpp */ = {isa = PBXFileReference; fileEncoding = 4; lastKnownFileType = sourcecode.cpp.cpp; name = PauseWithLabelLayer.cpp; path = view/PauseWithLabelLayer.cpp; sourceTree = "<group>"; };
		82E9FEEC1ED80A9C007C3AC0 /* PauseWithLabelLayer.h */ = {isa = PBXFileReference; fileEncoding = 4; lastKnownFileType = sourcecode.c.h; name = PauseWithLabelLayer.h; path = view/PauseWithLabelLayer.h; sourceTree = "<group>"; };
		82E9FEED1ED80A9C007C3AC0 /* PreLoadScene.cpp */ = {isa = PBXFileReference; fileEncoding = 4; lastKnownFileType = sourcecode.cpp.cpp; name = PreLoadScene.cpp; path = view/PreLoadScene.cpp; sourceTree = "<group>"; };
		82E9FEEE1ED80A9C007C3AC0 /* PreLoadScene.h */ = {isa = PBXFileReference; fileEncoding = 4; lastKnownFileType = sourcecode.c.h; name = PreLoadScene.h; path = view/PreLoadScene.h; sourceTree = "<group>"; };
		82E9FEEF1ED80A9C007C3AC0 /* RoomChooseScene.cpp */ = {isa = PBXFileReference; fileEncoding = 4; lastKnownFileType = sourcecode.cpp.cpp; name = RoomChooseScene.cpp; path = view/RoomChooseScene.cpp; sourceTree = "<group>"; };
		82E9FEF01ED80A9C007C3AC0 /* RoomChooseScene.h */ = {isa = PBXFileReference; fileEncoding = 4; lastKnownFileType = sourcecode.c.h; name = RoomChooseScene.h; path = view/RoomChooseScene.h; sourceTree = "<group>"; };
		82E9FEF11ED80A9C007C3AC0 /* SettingScene.cpp */ = {isa = PBXFileReference; fileEncoding = 4; lastKnownFileType = sourcecode.cpp.cpp; name = SettingScene.cpp; path = view/SettingScene.cpp; sourceTree = "<group>"; };
		82E9FEF21ED80A9C007C3AC0 /* SettingScene.h */ = {isa = PBXFileReference; fileEncoding = 4; lastKnownFileType = sourcecode.c.h; name = SettingScene.h; path = view/SettingScene.h; sourceTree = "<group>"; };
		82E9FEF31ED80A9C007C3AC0 /* SwallowTouch.cpp */ = {isa = PBXFileReference; fileEncoding = 4; lastKnownFileType = sourcecode.cpp.cpp; name = SwallowTouch.cpp; path = view/SwallowTouch.cpp; sourceTree = "<group>"; };
		82E9FEF41ED80A9C007C3AC0 /* SwallowTouch.h */ = {isa = PBXFileReference; fileEncoding = 4; lastKnownFileType = sourcecode.c.h; name = SwallowTouch.h; path = view/SwallowTouch.h; sourceTree = "<group>"; };
		82E9FEF51ED80A9C007C3AC0 /* ToStart.cpp */ = {isa = PBXFileReference; fileEncoding = 4; lastKnownFileType = sourcecode.cpp.cpp; name = ToStart.cpp; path = view/ToStart.cpp; sourceTree = "<group>"; };
		82E9FEF61ED80A9C007C3AC0 /* ToStart.h */ = {isa = PBXFileReference; fileEncoding = 4; lastKnownFileType = sourcecode.c.h; name = ToStart.h; path = view/ToStart.h; sourceTree = "<group>"; };
		82E9FF0D1ED80C47007C3AC0 /* Bubbles.cpp */ = {isa = PBXFileReference; fileEncoding = 4; lastKnownFileType = sourcecode.cpp.cpp; name = Bubbles.cpp; path = model/Bubbles.cpp; sourceTree = "<group>"; };
		82E9FF0E1ED80C47007C3AC0 /* Bubbles.h */ = {isa = PBXFileReference; fileEncoding = 4; lastKnownFileType = sourcecode.c.h; name = Bubbles.h; path = model/Bubbles.h; sourceTree = "<group>"; };
		82E9FF0F1ED80C47007C3AC0 /* Character.cpp */ = {isa = PBXFileReference; fileEncoding = 4; lastKnownFileType = sourcecode.cpp.cpp; name = Character.cpp; path = model/Character.cpp; sourceTree = "<group>"; };
		82E9FF101ED80C47007C3AC0 /* Character.h */ = {isa = PBXFileReference; fileEncoding = 4; lastKnownFileType = sourcecode.c.h; name = Character.h; path = model/Character.h; sourceTree = "<group>"; };
		82E9FF111ED80C47007C3AC0 /* GameItem.cpp */ = {isa = PBXFileReference; fileEncoding = 4; lastKnownFileType = sourcecode.cpp.cpp; name = GameItem.cpp; path = model/GameItem.cpp; sourceTree = "<group>"; };
		82E9FF121ED80C47007C3AC0 /* GameItem.h */ = {isa = PBXFileReference; fileEncoding = 4; lastKnownFileType = sourcecode.c.h; name = GameItem.h; path = model/GameItem.h; sourceTree = "<group>"; };
		82E9FF191ED80C65007C3AC0 /* BaseFSM.cpp */ = {isa = PBXFileReference; fileEncoding = 4; lastKnownFileType = sourcecode.cpp.cpp; name = BaseFSM.cpp; path = controller/BaseFSM.cpp; sourceTree = "<group>"; };
		82E9FF1A1ED80C65007C3AC0 /* BaseFSM.h */ = {isa = PBXFileReference; fileEncoding = 4; lastKnownFileType = sourcecode.c.h; name = BaseFSM.h; path = controller/BaseFSM.h; sourceTree = "<group>"; };
		82E9FF1B1ED80C65007C3AC0 /* CharacterFSM.cpp */ = {isa = PBXFileReference; fileEncoding = 4; lastKnownFileType = sourcecode.cpp.cpp; name = CharacterFSM.cpp; path = controller/CharacterFSM.cpp; sourceTree = "<group>"; };
		82E9FF1C1ED80C65007C3AC0 /* CharacterFSM.h */ = {isa = PBXFileReference; fileEncoding = 4; lastKnownFileType = sourcecode.c.h; name = CharacterFSM.h; path = controller/CharacterFSM.h; sourceTree = "<group>"; };
		82EA52151EF2F2E200D61C17 /* effect */ = {isa = PBXFileReference; lastKnownFileType = folder; path = effect; sourceTree = "<group>"; };
		82EA52191EF2F2EC00D61C17 /* music */ = {isa = PBXFileReference; lastKnownFileType = folder; path = music; sourceTree = "<group>"; };
		82F3876C1EEEBDEC00E44B8E /* TextField.cpp */ = {isa = PBXFileReference; fileEncoding = 4; lastKnownFileType = sourcecode.cpp.cpp; name = TextField.cpp; path = view/TextField.cpp; sourceTree = "<group>"; };
		82F3876D1EEEBDEC00E44B8E /* TextField.h */ = {isa = PBXFileReference; fileEncoding = 4; lastKnownFileType = sourcecode.c.h; name = TextField.h; path = view/TextField.h; sourceTree = "<group>"; };
		82F387711EEEBDFB00E44B8E /* PropLayer.cpp */ = {isa = PBXFileReference; fileEncoding = 4; lastKnownFileType = sourcecode.cpp.cpp; name = PropLayer.cpp; path = view/PropLayer.cpp; sourceTree = "<group>"; };
		82F387721EEEBDFB00E44B8E /* PropLayer.h */ = {isa = PBXFileReference; fileEncoding = 4; lastKnownFileType = sourcecode.c.h; name = PropLayer.h; path = view/PropLayer.h; sourceTree = "<group>"; };
		82F387751EEEF14800E44B8E /* Vehicle.cpp */ = {isa = PBXFileReference; fileEncoding = 4; lastKnownFileType = sourcecode.cpp.cpp; path = Vehicle.cpp; sourceTree = "<group>"; };
		82F387761EEEF14800E44B8E /* Vehicle.h */ = {isa = PBXFileReference; fileEncoding = 4; lastKnownFileType = sourcecode.c.h; path = Vehicle.h; sourceTree = "<group>"; };
		82F3DBF11EA267EB00C6DBDA /* music */ = {isa = PBXFileReference; lastKnownFileType = folder; path = music; sourceTree = "<group>"; };
		82F3DBF41EA26A2700C6DBDA /* BackGround */ = {isa = PBXFileReference; lastKnownFileType = folder; path = BackGround; sourceTree = "<group>"; };
		82FD4FD11ECF15B500025573 /* CommonUse.cpp */ = {isa = PBXFileReference; fileEncoding = 4; lastKnownFileType = sourcecode.cpp.cpp; path = CommonUse.cpp; sourceTree = "<group>"; };
		82FD4FD21ECF15B500025573 /* CommonUse.h */ = {isa = PBXFileReference; fileEncoding = 4; lastKnownFileType = sourcecode.c.h; path = CommonUse.h; sourceTree = "<group>"; };
		82FE4D941EF29D0F00ED1C01 /* ChatBox.cpp */ = {isa = PBXFileReference; fileEncoding = 4; lastKnownFileType = sourcecode.cpp.cpp; path = ChatBox.cpp; sourceTree = "<group>"; };
		82FE4D951EF29D0F00ED1C01 /* ChatBox.h */ = {isa = PBXFileReference; fileEncoding = 4; lastKnownFileType = sourcecode.c.h; path = ChatBox.h; sourceTree = "<group>"; };
		82FFA9641EA9FA7C0061D94D /* GameBubble */ = {isa = PBXFileReference; lastKnownFileType = folder; path = GameBubble; sourceTree = "<group>"; };
		82FFA9661EA9FA7C0061D94D /* GamePlayer */ = {isa = PBXFileReference; lastKnownFileType = folder; path = GamePlayer; sourceTree = "<group>"; };
		BF170DB012928DE900B8313A /* OpenGLES.framework */ = {isa = PBXFileReference; lastKnownFileType = wrapper.framework; name = OpenGLES.framework; path = System/Library/Frameworks/OpenGLES.framework; sourceTree = SDKROOT; };
		BF170DB412928DE900B8313A /* libz.dylib */ = {isa = PBXFileReference; lastKnownFileType = "compiled.mach-o.dylib"; name = libz.dylib; path = usr/lib/libz.dylib; sourceTree = SDKROOT; };
		BF1C47EA1293683800B63C5D /* QuartzCore.framework */ = {isa = PBXFileReference; lastKnownFileType = wrapper.framework; name = QuartzCore.framework; path = System/Library/Frameworks/QuartzCore.framework; sourceTree = SDKROOT; };
		D44C620B132DFF330009C878 /* OpenAL.framework */ = {isa = PBXFileReference; lastKnownFileType = wrapper.framework; name = OpenAL.framework; path = System/Library/Frameworks/OpenAL.framework; sourceTree = SDKROOT; };
		D44C620D132DFF430009C878 /* AVFoundation.framework */ = {isa = PBXFileReference; lastKnownFileType = wrapper.framework; name = AVFoundation.framework; path = System/Library/Frameworks/AVFoundation.framework; sourceTree = SDKROOT; };
		D44C620F132DFF4E0009C878 /* AudioToolbox.framework */ = {isa = PBXFileReference; lastKnownFileType = wrapper.framework; name = AudioToolbox.framework; path = System/Library/Frameworks/AudioToolbox.framework; sourceTree = SDKROOT; };
		D6B0611A1803AB670077942B /* CoreMotion.framework */ = {isa = PBXFileReference; lastKnownFileType = wrapper.framework; name = CoreMotion.framework; path = Platforms/iPhoneOS.platform/Developer/SDKs/iPhoneOS7.0.sdk/System/Library/Frameworks/CoreMotion.framework; sourceTree = DEVELOPER_DIR; };
		ED545A7B1B68A1F400C3958E /* libiconv.dylib */ = {isa = PBXFileReference; lastKnownFileType = "compiled.mach-o.dylib"; name = libiconv.dylib; path = Platforms/iPhoneOS.platform/Developer/SDKs/iPhoneOS8.4.sdk/usr/lib/libiconv.dylib; sourceTree = DEVELOPER_DIR; };
		ED545A7D1B68A1FA00C3958E /* libiconv.dylib */ = {isa = PBXFileReference; lastKnownFileType = "compiled.mach-o.dylib"; name = libiconv.dylib; path = usr/lib/libiconv.dylib; sourceTree = SDKROOT; };
/* End PBXFileReference section */

/* Begin PBXFrameworksBuildPhase section */
		1D60588F0D05DD3D006BFB54 /* Frameworks */ = {
			isa = PBXFrameworksBuildPhase;
			buildActionMask = 2147483647;
			files = (
				294D0D641D0D56D500F7F5D4 /* CoreText.framework in Frameworks */,
				ED545A7C1B68A1F400C3958E /* libiconv.dylib in Frameworks */,
				52B47A471A53D09C004E4C60 /* Security.framework in Frameworks */,
				1AC6FB30180E99EB004C840B /* libcocos2d iOS.a in Frameworks */,
				D6B0611B1803AB670077942B /* CoreMotion.framework in Frameworks */,
				1D60589F0D05DD5A006BFB54 /* Foundation.framework in Frameworks */,
				1DF5F4E00D08C38300B7A737 /* UIKit.framework in Frameworks */,
				288765A50DF7441C002DB57D /* CoreGraphics.framework in Frameworks */,
				BF171245129291EC00B8313A /* OpenGLES.framework in Frameworks */,
				BF1712471292920000B8313A /* libz.dylib in Frameworks */,
				BF1C47F01293687400B63C5D /* QuartzCore.framework in Frameworks */,
				D44C620C132DFF330009C878 /* OpenAL.framework in Frameworks */,
				D44C620E132DFF430009C878 /* AVFoundation.framework in Frameworks */,
				D44C6210132DFF4E0009C878 /* AudioToolbox.framework in Frameworks */,
			);
			runOnlyForDeploymentPostprocessing = 0;
		};
		5087E75C17EB910900C73F5D /* Frameworks */ = {
			isa = PBXFrameworksBuildPhase;
			buildActionMask = 2147483647;
			files = (
				ED545A7E1B68A1FA00C3958E /* libiconv.dylib in Frameworks */,
				1AC6FB21180E996B004C840B /* libcocos2d Mac.a in Frameworks */,
				5087E76717EB910900C73F5D /* libz.dylib in Frameworks */,
				8262943E1AAF051F00CB7CF7 /* Security.framework in Frameworks */,
				503AE11B17EB9C5A00D1A890 /* IOKit.framework in Frameworks */,
				5087E78B17EB975400C73F5D /* OpenGL.framework in Frameworks */,
				5087E78917EB974C00C73F5D /* AppKit.framework in Frameworks */,
				5087E76317EB910900C73F5D /* Foundation.framework in Frameworks */,
				5087E76817EB910900C73F5D /* QuartzCore.framework in Frameworks */,
				5087E76917EB910900C73F5D /* OpenAL.framework in Frameworks */,
				5087E76A17EB910900C73F5D /* AVFoundation.framework in Frameworks */,
				5087E76B17EB910900C73F5D /* AudioToolbox.framework in Frameworks */,
			);
			runOnlyForDeploymentPostprocessing = 0;
		};
/* End PBXFrameworksBuildPhase section */

/* Begin PBXGroup section */
		080E96DDFE201D6D7F000001 /* ios */ = {
			isa = PBXGroup;
			children = (
				5087E77117EB970100C73F5D /* Icons */,
				503AE0FA17EB989F00D1A890 /* AppController.h */,
				503AE0FB17EB989F00D1A890 /* AppController.mm */,
				503AE0FC17EB989F00D1A890 /* main.m */,
				503AE0FD17EB989F00D1A890 /* Prefix.pch */,
				503AE0FE17EB989F00D1A890 /* RootViewController.h */,
				503AE0FF17EB989F00D1A890 /* RootViewController.mm */,
			);
			name = ios;
			path = Classes;
			sourceTree = "<group>";
		};
		19C28FACFE9D520D11CA2CBB /* Products */ = {
			isa = PBXGroup;
			children = (
				1D6058910D05DD3D006BFB54 /* MyCppGame-mobile.app */,
				5087E76F17EB910900C73F5D /* MyCppGame-desktop.app */,
			);
			name = Products;
			sourceTree = "<group>";
		};
		1AC6FAE6180E9839004C840B /* Products */ = {
			isa = PBXGroup;
			children = (
				1AC6FAF9180E9839004C840B /* libcocos2d Mac.a */,
				1AC6FB07180E9839004C840B /* libcocos2d iOS.a */,
				82F3DBDE1EA262BA00C6DBDA /* libcocos2d tvOS.a */,
			);
			name = Products;
			sourceTree = "<group>";
		};
		29B97314FDCFA39411CA2CEA /* CustomTemplate */ = {
			isa = PBXGroup;
			children = (
				46880B8319C43A87006E1F66 /* Classes */,
				1AC6FAE5180E9839004C840B /* cocos2d_libs.xcodeproj */,
				29B97323FDCFA39411CA2CEA /* Frameworks */,
				080E96DDFE201D6D7F000001 /* ios */,
				503AE10617EB990700D1A890 /* mac */,
				19C28FACFE9D520D11CA2CBB /* Products */,
				46880B7519C43A67006E1F66 /* Resources */,
			);
			name = CustomTemplate;
			sourceTree = "<group>";
		};
		29B97323FDCFA39411CA2CEA /* Frameworks */ = {
			isa = PBXGroup;
			children = (
				294D0D631D0D56D500F7F5D4 /* CoreText.framework */,
				ED545A7D1B68A1FA00C3958E /* libiconv.dylib */,
				ED545A7B1B68A1F400C3958E /* libiconv.dylib */,
				8262943D1AAF051F00CB7CF7 /* Security.framework */,
				52B47A461A53D09B004E4C60 /* Security.framework */,
				D6B0611A1803AB670077942B /* CoreMotion.framework */,
				503AE11A17EB9C5A00D1A890 /* IOKit.framework */,
				503AE11117EB99EE00D1A890 /* libcurl.dylib */,
				5087E78A17EB975400C73F5D /* OpenGL.framework */,
				5087E78817EB974C00C73F5D /* AppKit.framework */,
				1ACB3243164770DE00914215 /* libcurl.a */,
				BF170DB412928DE900B8313A /* libz.dylib */,
				D44C620F132DFF4E0009C878 /* AudioToolbox.framework */,
				D44C620D132DFF430009C878 /* AVFoundation.framework */,
				288765A40DF7441C002DB57D /* CoreGraphics.framework */,
				1D30AB110D05D00D00671497 /* Foundation.framework */,
				D44C620B132DFF330009C878 /* OpenAL.framework */,
				BF170DB012928DE900B8313A /* OpenGLES.framework */,
				BF1C47EA1293683800B63C5D /* QuartzCore.framework */,
				1DF5F4DF0D08C38300B7A737 /* UIKit.framework */,
			);
			name = Frameworks;
			sourceTree = "<group>";
		};
		46880B7519C43A67006E1F66 /* Resources */ = {
			isa = PBXGroup;
			children = (
				82EA52191EF2F2EC00D61C17 /* music */,
				82EA52151EF2F2E200D61C17 /* effect */,
				825260831EE332910062167A /* riding */,
				82A878931EC1C1D2006385CC /* BubbleImages */,
				82A878901EC1BD7F006385CC /* GameProp */,
				82A8788C1EC1BD75006385CC /* PropResource */,
				82FFA9641EA9FA7C0061D94D /* GameBubble */,
				82FFA9661EA9FA7C0061D94D /* GamePlayer */,
				827A69BD1EA8FE750073F534 /* gameStart */,
				8222CA451EA6426D00092E33 /* GameUI */,
				82F3DBF41EA26A2700C6DBDA /* BackGround */,
				521A8EA819F11F5000D177D7 /* fonts */,
				82F3DBF11EA267EB00C6DBDA /* music */,
				46880B7719C43A67006E1F66 /* CloseSelected.png */,
				46880B7A19C43A67006E1F66 /* HelloWorld.png */,
				46880B7619C43A67006E1F66 /* CloseNormal.png */,
			);
			name = Resources;
			path = ../Resources;
			sourceTree = "<group>";
		};
		46880B8319C43A87006E1F66 /* Classes */ = {
			isa = PBXGroup;
			children = (
				82C3EC901EFD315300FED0A1 /* Network */,
				46880B8519C43A87006E1F66 /* AppDelegate.h */,
				46880B8419C43A87006E1F66 /* AppDelegate.cpp */,
				46880B8619C43A87006E1F66 /* HelloWorldScene.cpp */,
				46880B8719C43A87006E1F66 /* HelloWorldScene.h */,
				82E9FEE21ED80A3E007C3AC0 /* view */,
				82E9FF0C1ED80B68007C3AC0 /* model */,
				82E9FF0B1ED80B4E007C3AC0 /* controller */,
				82FD4FD11ECF15B500025573 /* CommonUse.cpp */,
				82FD4FD21ECF15B500025573 /* CommonUse.h */,
				82C45F691EC09B6C001BD822 /* Settings.h */,
			);
			name = Classes;
			path = ../Classes;
			sourceTree = "<group>";
		};
		503AE0F517EB97AB00D1A890 /* Icons */ = {
			isa = PBXGroup;
			children = (
				503AE0F617EB97AB00D1A890 /* Icon.icns */,
				503AE0F717EB97AB00D1A890 /* Info.plist */,
			);
			name = Icons;
			path = mac;
			sourceTree = SOURCE_ROOT;
		};
		503AE10617EB990700D1A890 /* mac */ = {
			isa = PBXGroup;
			children = (
				503AE0F517EB97AB00D1A890 /* Icons */,
				503AE10317EB98FF00D1A890 /* main.cpp */,
				503AE10417EB98FF00D1A890 /* Prefix.pch */,
			);
			name = mac;
			sourceTree = "<group>";
		};
		5087E77117EB970100C73F5D /* Icons */ = {
			isa = PBXGroup;
			children = (
				521A8E6219F0C34300D177D7 /* Default-667h@2x.png */,
				521A8E6319F0C34300D177D7 /* Default-736h@3x.png */,
				5087E77217EB970100C73F5D /* Default-568h@2x.png */,
				5087E77317EB970100C73F5D /* Default.png */,
				5087E77417EB970100C73F5D /* Default@2x.png */,
				50EF62A017ECD613001EB2F8 /* Icon-29.png */,
				50EF62A117ECD613001EB2F8 /* Icon-50.png */,
				50EF629217ECD46A001EB2F8 /* Icon-40.png */,
				50EF629317ECD46A001EB2F8 /* Icon-58.png */,
				50EF629417ECD46A001EB2F8 /* Icon-80.png */,
				50EF629517ECD46A001EB2F8 /* Icon-100.png */,
				5087E77517EB970100C73F5D /* Icon-114.png */,
				5087E77617EB970100C73F5D /* Icon-120.png */,
				5087E77717EB970100C73F5D /* Icon-144.png */,
				5087E77817EB970100C73F5D /* Icon-152.png */,
				5087E77917EB970100C73F5D /* Icon-57.png */,
				5087E77A17EB970100C73F5D /* Icon-72.png */,
				5087E77B17EB970100C73F5D /* Icon-76.png */,
				5087E77C17EB970100C73F5D /* Info.plist */,
			);
			name = Icons;
			path = ios;
			sourceTree = SOURCE_ROOT;
		};
		82C3EC901EFD315300FED0A1 /* Network */ = {
			isa = PBXGroup;
			children = (
				821916B91EFEA59C00E777F7 /* DataManager.cpp */,
				821916BA1EFEA59C00E777F7 /* DataManager.h */,
				82C3EC941EFD318800FED0A1 /* WebClient.cpp */,
				82C3EC951EFD318800FED0A1 /* WebClient.h */,
				82C3EC9C1EFD3C2F00FED0A1 /* MessageDispatcher.cpp */,
				82C3EC9D1EFD3C2F00FED0A1 /* MessageDispatcher.h */,
				82C3ECA01EFD40C700FED0A1 /* MessageRecvDispatcher.cpp */,
				82C3ECA11EFD40C700FED0A1 /* MessageRecvDispatcher.h */,
			);
			name = Network;
			sourceTree = "<group>";
		};
		82C3ECA41EFD553C00FED0A1 /* UI */ = {
			isa = PBXGroup;
			children = (
			);
			name = UI;
			sourceTree = "<group>";
		};
		82E9FEE21ED80A3E007C3AC0 /* view */ = {
			isa = PBXGroup;
			children = (
				82982A5C1EFD56F300DC8380 /* SceneManager.cpp */,
				82982A5D1EFD56F300DC8380 /* SceneManager.h */,
				82C3ECA41EFD553C00FED0A1 /* UI */,
				82CEB9111EF27085002A38D4 /* LoginScene.h */,
				82CEB9101EF27085002A38D4 /* LoginScene.cpp */,
				82174F8A1EE2CCAE00A6B4E6 /* CharacterSelect.cpp */,
				82174F8B1EE2CCAE00A6B4E6 /* CharacterSelect.h */,
				82174F851EE2CBFB00A6B4E6 /* MusicSetting.cpp */,
				82174F861EE2CBFB00A6B4E6 /* MusicSetting.h */,
				82E9FEE51ED80A9C007C3AC0 /* GameScene.cpp */,
				82E9FEE61ED80A9C007C3AC0 /* GameScene.h */,
				82E9FEE71ED80A9C007C3AC0 /* MapScene.cpp */,
				82E9FEE81ED80A9C007C3AC0 /* MapScene.h */,
				82E9FEE91ED80A9C007C3AC0 /* OpenScene.cpp */,
				82E9FEEA1ED80A9C007C3AC0 /* OpenScene.h */,
				82E9FEEB1ED80A9C007C3AC0 /* PauseWithLabelLayer.cpp */,
				82E9FEEC1ED80A9C007C3AC0 /* PauseWithLabelLayer.h */,
				82E9FEED1ED80A9C007C3AC0 /* PreLoadScene.cpp */,
				82E9FEEE1ED80A9C007C3AC0 /* PreLoadScene.h */,
				82E9FEEF1ED80A9C007C3AC0 /* RoomChooseScene.cpp */,
				82E9FEF01ED80A9C007C3AC0 /* RoomChooseScene.h */,
				82E9FEF11ED80A9C007C3AC0 /* SettingScene.cpp */,
				82E9FEF21ED80A9C007C3AC0 /* SettingScene.h */,
				82E9FEF31ED80A9C007C3AC0 /* SwallowTouch.cpp */,
				82E9FEF41ED80A9C007C3AC0 /* SwallowTouch.h */,
				82E9FEF51ED80A9C007C3AC0 /* ToStart.cpp */,
				82E9FEF61ED80A9C007C3AC0 /* ToStart.h */,
				82F3876C1EEEBDEC00E44B8E /* TextField.cpp */,
				82F3876D1EEEBDEC00E44B8E /* TextField.h */,
				82FE4D941EF29D0F00ED1C01 /* ChatBox.cpp */,
				82FE4D951EF29D0F00ED1C01 /* ChatBox.h */,
				82F387711EEEBDFB00E44B8E /* PropLayer.cpp */,
				82F387721EEEBDFB00E44B8E /* PropLayer.h */,
			);
			name = view;
			sourceTree = "<group>";
		};
		82E9FF0B1ED80B4E007C3AC0 /* controller */ = {
			isa = PBXGroup;
			children = (
				8220AF5A1EE29F1200161461 /* BaseController.cpp */,
				8220AF5B1EE29F1200161461 /* BaseController.h */,
				8220AF551EE29EF100161461 /* BubbleController.cpp */,
				8220AF561EE29EF100161461 /* BubbleController.h */,
				8220AF451EE28D2200161461 /* PlayerController.cpp */,
				8220AF461EE28D2200161461 /* PlayerController.h */,
				8220AF471EE28D2200161461 /* PropController.cpp */,
				8220AF481EE28D2200161461 /* PropController.h */,
				82E9FF191ED80C65007C3AC0 /* BaseFSM.cpp */,
				82E9FF1A1ED80C65007C3AC0 /* BaseFSM.h */,
				82E9FF1B1ED80C65007C3AC0 /* CharacterFSM.cpp */,
				82E9FF1C1ED80C65007C3AC0 /* CharacterFSM.h */,
			);
			name = controller;
			sourceTree = "<group>";
		};
		82E9FF0C1ED80B68007C3AC0 /* model */ = {
			isa = PBXGroup;
			children = (
				82E9FF0D1ED80C47007C3AC0 /* Bubbles.cpp */,
				82E9FF0E1ED80C47007C3AC0 /* Bubbles.h */,
				82E9FF0F1ED80C47007C3AC0 /* Character.cpp */,
				82E9FF101ED80C47007C3AC0 /* Character.h */,
				82E9FF111ED80C47007C3AC0 /* GameItem.cpp */,
				82E9FF121ED80C47007C3AC0 /* GameItem.h */,
				82F387751EEEF14800E44B8E /* Vehicle.cpp */,
				82F387761EEEF14800E44B8E /* Vehicle.h */,
			);
			name = model;
			sourceTree = "<group>";
		};
/* End PBXGroup section */

/* Begin PBXNativeTarget section */
		1D6058900D05DD3D006BFB54 /* MyCppGame-mobile */ = {
			isa = PBXNativeTarget;
			buildConfigurationList = 1D6058960D05DD3E006BFB54 /* Build configuration list for PBXNativeTarget "MyCppGame-mobile" */;
			buildPhases = (
				1D60588D0D05DD3D006BFB54 /* Resources */,
				1D60588E0D05DD3D006BFB54 /* Sources */,
				1D60588F0D05DD3D006BFB54 /* Frameworks */,
			);
			buildRules = (
			);
			dependencies = (
				1AC6FB25180E99E1004C840B /* PBXTargetDependency */,
			);
			name = "MyCppGame-mobile";
			productName = iphone;
			productReference = 1D6058910D05DD3D006BFB54 /* MyCppGame-mobile.app */;
			productType = "com.apple.product-type.application";
		};
		5087E73D17EB910900C73F5D /* MyCppGame-desktop */ = {
			isa = PBXNativeTarget;
			buildConfigurationList = 5087E76C17EB910900C73F5D /* Build configuration list for PBXNativeTarget "MyCppGame-desktop" */;
			buildPhases = (
				5087E74817EB910900C73F5D /* Resources */,
				5087E75617EB910900C73F5D /* Sources */,
				5087E75C17EB910900C73F5D /* Frameworks */,
			);
			buildRules = (
			);
			dependencies = (
				1AC6FB16180E9959004C840B /* PBXTargetDependency */,
			);
			name = "MyCppGame-desktop";
			productName = iphone;
			productReference = 5087E76F17EB910900C73F5D /* MyCppGame-desktop.app */;
			productType = "com.apple.product-type.application";
		};
/* End PBXNativeTarget section */

/* Begin PBXProject section */
		29B97313FDCFA39411CA2CEA /* Project object */ = {
			isa = PBXProject;
			attributes = {
				LastUpgradeCheck = 0500;
			};
			buildConfigurationList = C01FCF4E08A954540054247B /* Build configuration list for PBXProject "MyCppGame" */;
			compatibilityVersion = "Xcode 3.2";
			developmentRegion = English;
			hasScannedForEncodings = 1;
			knownRegions = (
				English,
				Japanese,
				French,
				German,
			);
			mainGroup = 29B97314FDCFA39411CA2CEA /* CustomTemplate */;
			projectDirPath = "";
			projectReferences = (
				{
					ProductGroup = 1AC6FAE6180E9839004C840B /* Products */;
					ProjectRef = 1AC6FAE5180E9839004C840B /* cocos2d_libs.xcodeproj */;
				},
			);
			projectRoot = "";
			targets = (
				1D6058900D05DD3D006BFB54 /* MyCppGame-mobile */,
				5087E73D17EB910900C73F5D /* MyCppGame-desktop */,
			);
		};
/* End PBXProject section */

/* Begin PBXReferenceProxy section */
		1AC6FAF9180E9839004C840B /* libcocos2d Mac.a */ = {
			isa = PBXReferenceProxy;
			fileType = archive.ar;
			path = "libcocos2d Mac.a";
			remoteRef = 1AC6FAF8180E9839004C840B /* PBXContainerItemProxy */;
			sourceTree = BUILT_PRODUCTS_DIR;
		};
		1AC6FB07180E9839004C840B /* libcocos2d iOS.a */ = {
			isa = PBXReferenceProxy;
			fileType = archive.ar;
			path = "libcocos2d iOS.a";
			remoteRef = 1AC6FB06180E9839004C840B /* PBXContainerItemProxy */;
			sourceTree = BUILT_PRODUCTS_DIR;
		};
		82F3DBDE1EA262BA00C6DBDA /* libcocos2d tvOS.a */ = {
			isa = PBXReferenceProxy;
			fileType = archive.ar;
			path = "libcocos2d tvOS.a";
			remoteRef = 82F3DBDD1EA262BA00C6DBDA /* PBXContainerItemProxy */;
			sourceTree = BUILT_PRODUCTS_DIR;
		};
/* End PBXReferenceProxy section */

/* Begin PBXResourcesBuildPhase section */
		1D60588D0D05DD3D006BFB54 /* Resources */ = {
			isa = PBXResourcesBuildPhase;
			buildActionMask = 2147483647;
			files = (
				8222CA461EA6426D00092E33 /* GameUI in Resources */,
				5087E78117EB970100C73F5D /* Icon-120.png in Resources */,
				5087E78617EB970100C73F5D /* Icon-76.png in Resources */,
				825260841EE332910062167A /* riding in Resources */,
				5087E77F17EB970100C73F5D /* Default@2x.png in Resources */,
				50EF629917ECD46A001EB2F8 /* Icon-100.png in Resources */,
				5087E78317EB970100C73F5D /* Icon-152.png in Resources */,
				46880B8119C43A67006E1F66 /* HelloWorld.png in Resources */,
				82F3DBF21EA267EB00C6DBDA /* music in Resources */,
				82A878941EC1C1D2006385CC /* BubbleImages in Resources */,
				46880B7D19C43A67006E1F66 /* CloseSelected.png in Resources */,
				5087E77D17EB970100C73F5D /* Default-568h@2x.png in Resources */,
				827A69BE1EA8FE750073F534 /* gameStart in Resources */,
				5087E78517EB970100C73F5D /* Icon-72.png in Resources */,
				82FFA9671EA9FA7C0061D94D /* GameBubble in Resources */,
				521A8E6519F0C34300D177D7 /* Default-736h@3x.png in Resources */,
				521A8EA919F11F5000D177D7 /* fonts in Resources */,
				50EF62A317ECD613001EB2F8 /* Icon-50.png in Resources */,
				5087E78017EB970100C73F5D /* Icon-114.png in Resources */,
				50EF62A217ECD613001EB2F8 /* Icon-29.png in Resources */,
				50EF629617ECD46A001EB2F8 /* Icon-40.png in Resources */,
				5087E78217EB970100C73F5D /* Icon-144.png in Resources */,
				82EA521A1EF2F2EC00D61C17 /* music in Resources */,
				82A8788D1EC1BD76006385CC /* PropResource in Resources */,
				82FFA96B1EA9FA7C0061D94D /* GamePlayer in Resources */,
				50EF629817ECD46A001EB2F8 /* Icon-80.png in Resources */,
				5087E78417EB970100C73F5D /* Icon-57.png in Resources */,
				5087E77E17EB970100C73F5D /* Default.png in Resources */,
				521A8E6419F0C34300D177D7 /* Default-667h@2x.png in Resources */,
				46880B7B19C43A67006E1F66 /* CloseNormal.png in Resources */,
				82A878911EC1BD7F006385CC /* GameProp in Resources */,
				82F3DBF51EA26A2700C6DBDA /* BackGround in Resources */,
				82EA52161EF2F2E200D61C17 /* effect in Resources */,
				50EF629717ECD46A001EB2F8 /* Icon-58.png in Resources */,
			);
			runOnlyForDeploymentPostprocessing = 0;
		};
		5087E74817EB910900C73F5D /* Resources */ = {
			isa = PBXResourcesBuildPhase;
			buildActionMask = 2147483647;
			files = (
				46880B8219C43A67006E1F66 /* HelloWorld.png in Resources */,
				503AE0F817EB97AB00D1A890 /* Icon.icns in Resources */,
				82F3DBF61EA26A2700C6DBDA /* BackGround in Resources */,
				82EA52171EF2F2E200D61C17 /* effect in Resources */,
				82A878921EC1BD7F006385CC /* GameProp in Resources */,
				82EA521B1EF2F2EC00D61C17 /* music in Resources */,
				8222CA471EA6426D00092E33 /* GameUI in Resources */,
				825260851EE332910062167A /* riding in Resources */,
				827A69BF1EA8FE750073F534 /* gameStart in Resources */,
				521A8EAA19F11F5000D177D7 /* fonts in Resources */,
				82A878951EC1C1D2006385CC /* BubbleImages in Resources */,
				82A8788E1EC1BD76006385CC /* PropResource in Resources */,
				82FFA9681EA9FA7C0061D94D /* GameBubble in Resources */,
				46880B7C19C43A67006E1F66 /* CloseNormal.png in Resources */,
				82F3DBF31EA267EB00C6DBDA /* music in Resources */,
				46880B7E19C43A67006E1F66 /* CloseSelected.png in Resources */,
				82FFA96C1EA9FA7C0061D94D /* GamePlayer in Resources */,
			);
			runOnlyForDeploymentPostprocessing = 0;
		};
/* End PBXResourcesBuildPhase section */

/* Begin PBXSourcesBuildPhase section */
		1D60588E0D05DD3D006BFB54 /* Sources */ = {
			isa = PBXSourcesBuildPhase;
			buildActionMask = 2147483647;
			files = (
				46880B8819C43A87006E1F66 /* AppDelegate.cpp in Sources */,
				82E9FF1F1ED80C65007C3AC0 /* CharacterFSM.cpp in Sources */,
				46880B8A19C43A87006E1F66 /* HelloWorldScene.cpp in Sources */,
				82E9FF151ED80C47007C3AC0 /* Character.cpp in Sources */,
				8220AF5C1EE29F1200161461 /* BaseController.cpp in Sources */,
				82FE4D961EF29D0F00ED1C01 /* ChatBox.cpp in Sources */,
				82E9FF051ED80A9C007C3AC0 /* SettingScene.cpp in Sources */,
				82E9FEF91ED80A9C007C3AC0 /* GameScene.cpp in Sources */,
				82C3ECA21EFD40C700FED0A1 /* MessageRecvDispatcher.cpp in Sources */,
				82F387771EEEF14800E44B8E /* Vehicle.cpp in Sources */,
				821916BB1EFEA59C00E777F7 /* DataManager.cpp in Sources */,
				82C3EC9E1EFD3C2F00FED0A1 /* MessageDispatcher.cpp in Sources */,
				8220AF4B1EE28D2200161461 /* PropController.cpp in Sources */,
				82E9FF071ED80A9C007C3AC0 /* SwallowTouch.cpp in Sources */,
				82982A5E1EFD56F300DC8380 /* SceneManager.cpp in Sources */,
				82E9FF011ED80A9C007C3AC0 /* PreLoadScene.cpp in Sources */,
				82E9FF131ED80C47007C3AC0 /* Bubbles.cpp in Sources */,
				82F387731EEEBDFB00E44B8E /* PropLayer.cpp in Sources */,
				82FD4FD31ECF15B500025573 /* CommonUse.cpp in Sources */,
				503AE10017EB989F00D1A890 /* AppController.mm in Sources */,
				82E9FF1D1ED80C65007C3AC0 /* BaseFSM.cpp in Sources */,
				503AE10217EB989F00D1A890 /* RootViewController.mm in Sources */,
				82CEB9121EF27085002A38D4 /* LoginScene.cpp in Sources */,
				82174F8C1EE2CCAE00A6B4E6 /* CharacterSelect.cpp in Sources */,
				82E9FEFB1ED80A9C007C3AC0 /* MapScene.cpp in Sources */,
				8220AF571EE29EF100161461 /* BubbleController.cpp in Sources */,
				82174F871EE2CBFB00A6B4E6 /* MusicSetting.cpp in Sources */,
				82E9FEFD1ED80A9C007C3AC0 /* OpenScene.cpp in Sources */,
				503AE10117EB989F00D1A890 /* main.m in Sources */,
				82E9FF171ED80C47007C3AC0 /* GameItem.cpp in Sources */,
				82E9FF091ED80A9C007C3AC0 /* ToStart.cpp in Sources */,
				8220AF491EE28D2200161461 /* PlayerController.cpp in Sources */,
				82C3EC961EFD318800FED0A1 /* WebClient.cpp in Sources */,
				82F3876E1EEEBDEC00E44B8E /* TextField.cpp in Sources */,
				82E9FF031ED80A9C007C3AC0 /* RoomChooseScene.cpp in Sources */,
				82E9FEFF1ED80A9C007C3AC0 /* PauseWithLabelLayer.cpp in Sources */,
			);
			runOnlyForDeploymentPostprocessing = 0;
		};
		5087E75617EB910900C73F5D /* Sources */ = {
			isa = PBXSourcesBuildPhase;
			buildActionMask = 2147483647;
			files = (
				82E9FF041ED80A9C007C3AC0 /* RoomChooseScene.cpp in Sources */,
				82E9FF081ED80A9C007C3AC0 /* SwallowTouch.cpp in Sources */,
				8220AF5D1EE29F1200161461 /* BaseController.cpp in Sources */,
				82F3876F1EEEBDEC00E44B8E /* TextField.cpp in Sources */,
				82E9FF141ED80C47007C3AC0 /* Bubbles.cpp in Sources */,
				82E9FF201ED80C65007C3AC0 /* CharacterFSM.cpp in Sources */,
				82174F881EE2CBFB00A6B4E6 /* MusicSetting.cpp in Sources */,
				82F387741EEEBDFB00E44B8E /* PropLayer.cpp in Sources */,
				8220AF4A1EE28D2200161461 /* PlayerController.cpp in Sources */,
				82E9FF161ED80C47007C3AC0 /* Character.cpp in Sources */,
				46880B8919C43A87006E1F66 /* AppDelegate.cpp in Sources */,
				503AE10517EB98FF00D1A890 /* main.cpp in Sources */,
				82982A5F1EFD56F300DC8380 /* SceneManager.cpp in Sources */,
				82F387781EEEF14800E44B8E /* Vehicle.cpp in Sources */,
				82CEB9131EF27085002A38D4 /* LoginScene.cpp in Sources */,
				821916BC1EFEA59C00E777F7 /* DataManager.cpp in Sources */,
				82C3ECA31EFD40C700FED0A1 /* MessageRecvDispatcher.cpp in Sources */,
				8220AF4C1EE28D2200161461 /* PropController.cpp in Sources */,
				82C3EC971EFD318800FED0A1 /* WebClient.cpp in Sources */,
				82E9FF061ED80A9C007C3AC0 /* SettingScene.cpp in Sources */,
				82C3EC9F1EFD3C2F00FED0A1 /* MessageDispatcher.cpp in Sources */,
				82E9FF001ED80A9C007C3AC0 /* PauseWithLabelLayer.cpp in Sources */,
				8220AF581EE29EF100161461 /* BubbleController.cpp in Sources */,
				82E9FF021ED80A9C007C3AC0 /* PreLoadScene.cpp in Sources */,
				82E9FEFC1ED80A9C007C3AC0 /* MapScene.cpp in Sources */,
				82FD4FD41ECF15B500025573 /* CommonUse.cpp in Sources */,
				82E9FF181ED80C47007C3AC0 /* GameItem.cpp in Sources */,
				82E9FF0A1ED80A9C007C3AC0 /* ToStart.cpp in Sources */,
				82174F8D1EE2CCAE00A6B4E6 /* CharacterSelect.cpp in Sources */,
				82FE4D971EF29D0F00ED1C01 /* ChatBox.cpp in Sources */,
				82E9FEFA1ED80A9C007C3AC0 /* GameScene.cpp in Sources */,
				82E9FEFE1ED80A9C007C3AC0 /* OpenScene.cpp in Sources */,
				82E9FF1E1ED80C65007C3AC0 /* BaseFSM.cpp in Sources */,
				46880B8B19C43A87006E1F66 /* HelloWorldScene.cpp in Sources */,
			);
			runOnlyForDeploymentPostprocessing = 0;
		};
/* End PBXSourcesBuildPhase section */

/* Begin PBXTargetDependency section */
		1AC6FB16180E9959004C840B /* PBXTargetDependency */ = {
			isa = PBXTargetDependency;
			name = "cocos2dx Mac";
			targetProxy = 1AC6FB15180E9959004C840B /* PBXContainerItemProxy */;
		};
		1AC6FB25180E99E1004C840B /* PBXTargetDependency */ = {
			isa = PBXTargetDependency;
			name = "cocos2dx iOS";
			targetProxy = 1AC6FB24180E99E1004C840B /* PBXContainerItemProxy */;
		};
/* End PBXTargetDependency section */

/* Begin XCBuildConfiguration section */
		1D6058940D05DD3E006BFB54 /* Debug */ = {
			isa = XCBuildConfiguration;
			buildSettings = {
				ALWAYS_SEARCH_USER_PATHS = YES;
				CODE_SIGN_IDENTITY = "iPhone Developer";
				COMPRESS_PNG_FILES = NO;
				ENABLE_BITCODE = NO;
				GCC_DYNAMIC_NO_PIC = NO;
				GCC_INLINES_ARE_PRIVATE_EXTERN = NO;
				GCC_PRECOMPILE_PREFIX_HEADER = YES;
				GCC_PREFIX_HEADER = ios/Prefix.pch;
				GCC_PREPROCESSOR_DEFINITIONS = (
					USE_FILE32API,
					"COCOS2D_DEBUG=1",
					"CC_ENABLE_CHIPMUNK_INTEGRATION=1",
				);
				GCC_SYMBOLS_PRIVATE_EXTERN = NO;
				HEADER_SEARCH_PATHS = "$(inherited)";
				INFOPLIST_FILE = ios/Info.plist;
				IPHONEOS_DEPLOYMENT_TARGET = 6.0;
				LIBRARY_SEARCH_PATHS = "";
				OTHER_LDFLAGS = (
					"$(_COCOS_LIB_IOS_BEGIN)",
					"$(_COCOS_LIB_IOS_END)",
				);
				PRODUCT_BUNDLE_IDENTIFIER = org.cocos2dx.MyCppGame;
				SDKROOT = iphoneos;
				STRIP_PNG_TEXT = NO;
				TARGETED_DEVICE_FAMILY = "1,2";
				USER_HEADER_SEARCH_PATHS = "$(_COCOS_HEADER_IOS_BEGIN) $(_COCOS_HEADER_IOS_END)";
				VALID_ARCHS = "arm64 armv7";
			};
			name = Debug;
		};
		1D6058950D05DD3E006BFB54 /* Release */ = {
			isa = XCBuildConfiguration;
			buildSettings = {
				ALWAYS_SEARCH_USER_PATHS = YES;
				CODE_SIGN_IDENTITY = "iPhone Developer";
				COMPRESS_PNG_FILES = NO;
				ENABLE_BITCODE = NO;
				GCC_INLINES_ARE_PRIVATE_EXTERN = NO;
				GCC_PRECOMPILE_PREFIX_HEADER = YES;
				GCC_PREFIX_HEADER = ios/Prefix.pch;
				GCC_PREPROCESSOR_DEFINITIONS = (
					USE_FILE32API,
					"CC_ENABLE_CHIPMUNK_INTEGRATION=1",
					NDEBUG,
				);
				GCC_SYMBOLS_PRIVATE_EXTERN = NO;
				HEADER_SEARCH_PATHS = "$(inherited)";
				INFOPLIST_FILE = ios/Info.plist;
				IPHONEOS_DEPLOYMENT_TARGET = 6.0;
				LIBRARY_SEARCH_PATHS = "";
				OTHER_LDFLAGS = (
					"$(_COCOS_LIB_IOS_BEGIN)",
					"$(_COCOS_LIB_IOS_END)",
				);
				PRODUCT_BUNDLE_IDENTIFIER = org.cocos2dx.MyCppGame;
				SDKROOT = iphoneos;
				STRIP_PNG_TEXT = NO;
				TARGETED_DEVICE_FAMILY = "1,2";
				USER_HEADER_SEARCH_PATHS = "$(_COCOS_HEADER_IOS_BEGIN) $(_COCOS_HEADER_IOS_END)";
				VALID_ARCHS = "arm64 armv7";
			};
			name = Release;
		};
		5087E76D17EB910900C73F5D /* Debug */ = {
			isa = XCBuildConfiguration;
			buildSettings = {
				ALWAYS_SEARCH_USER_PATHS = YES;
				ARCHS = "$(ARCHS_STANDARD_64_BIT)";
				CLANG_CXX_LANGUAGE_STANDARD = "c++0x";
				CLANG_CXX_LIBRARY = "libc++";
				GCC_DYNAMIC_NO_PIC = NO;
				GCC_INLINES_ARE_PRIVATE_EXTERN = NO;
				GCC_PRECOMPILE_PREFIX_HEADER = YES;
				GCC_PREFIX_HEADER = mac/Prefix.pch;
				GCC_PREPROCESSOR_DEFINITIONS = (
					USE_FILE32API,
					"COCOS2D_DEBUG=1",
					"CC_ENABLE_CHIPMUNK_INTEGRATION=1",
				);
				GCC_SYMBOLS_PRIVATE_EXTERN = NO;
				HEADER_SEARCH_PATHS = (
					"$(inherited)",
					"$(SRCROOT)/../cocos2d/external/glfw3/include/mac",
				);
				INFOPLIST_FILE = mac/Info.plist;
				LIBRARY_SEARCH_PATHS = "";
				OTHER_LDFLAGS = (
					"$(_COCOS_LIB_MAC_BEGIN)",
					"$(_COCOS_LIB_MAC_END)",
				);
				USER_HEADER_SEARCH_PATHS = "$(_COCOS_HEADER_MAC_BEGIN) $(_COCOS_HEADER_MAC_END)";
			};
			name = Debug;
		};
		5087E76E17EB910900C73F5D /* Release */ = {
			isa = XCBuildConfiguration;
			buildSettings = {
				ALWAYS_SEARCH_USER_PATHS = YES;
				ARCHS = "$(ARCHS_STANDARD_64_BIT)";
				CLANG_CXX_LANGUAGE_STANDARD = "c++0x";
				CLANG_CXX_LIBRARY = "libc++";
				GCC_INLINES_ARE_PRIVATE_EXTERN = NO;
				GCC_PRECOMPILE_PREFIX_HEADER = YES;
				GCC_PREFIX_HEADER = mac/Prefix.pch;
				GCC_PREPROCESSOR_DEFINITIONS = (
					USE_FILE32API,
					"CC_ENABLE_CHIPMUNK_INTEGRATION=1",
					NDEBUG,
				);
				GCC_SYMBOLS_PRIVATE_EXTERN = NO;
				HEADER_SEARCH_PATHS = (
					"$(inherited)",
					"$(SRCROOT)/../cocos2d/external/glfw3/include/mac",
				);
				INFOPLIST_FILE = mac/Info.plist;
				LIBRARY_SEARCH_PATHS = "";
				OTHER_LDFLAGS = (
					"$(_COCOS_LIB_MAC_BEGIN)",
					"$(_COCOS_LIB_MAC_END)",
				);
				USER_HEADER_SEARCH_PATHS = "$(_COCOS_HEADER_MAC_BEGIN) $(_COCOS_HEADER_MAC_END)";
			};
			name = Release;
		};
		C01FCF4F08A954540054247B /* Debug */ = {
			isa = XCBuildConfiguration;
			buildSettings = {
				CLANG_CXX_LANGUAGE_STANDARD = "c++0x";
				CLANG_CXX_LIBRARY = "libc++";
				COPY_PHASE_STRIP = NO;
				GCC_OPTIMIZATION_LEVEL = 0;
				GCC_WARN_ABOUT_RETURN_TYPE = YES;
				GCC_WARN_UNUSED_VARIABLE = YES;
				HEADER_SEARCH_PATHS = (
					"$(SRCROOT)/../cocos2d",
					"$(SRCROOT)/../cocos2d/cocos/audio/include",
					"$(SRCROOT)/../cocos2d/cocos",
					"$(SRCROOT)/../cocos2d/extensions",
					"$(SRCROOT)/../cocos2d/external",
					"$(SRCROOT)/../cocos2d/external/chipmunk/include/chipmunk",
				);
				IPHONEOS_DEPLOYMENT_TARGET = 6.0;
				MACOSX_DEPLOYMENT_TARGET = 10.7;
				ONLY_ACTIVE_ARCH = YES;
				PRODUCT_NAME = "$(TARGET_NAME)";
				SDKROOT = macosx;
			};
			name = Debug;
		};
		C01FCF5008A954540054247B /* Release */ = {
			isa = XCBuildConfiguration;
			buildSettings = {
				CLANG_CXX_LANGUAGE_STANDARD = "c++0x";
				CLANG_CXX_LIBRARY = "libc++";
				GCC_WARN_ABOUT_RETURN_TYPE = YES;
				GCC_WARN_UNUSED_VARIABLE = YES;
				HEADER_SEARCH_PATHS = (
					"$(SRCROOT)/../cocos2d",
					"$(SRCROOT)/../cocos2d/cocos/audio/include",
					"$(SRCROOT)/../cocos2d/cocos",
					"$(SRCROOT)/../cocos2d/extensions",
					"$(SRCROOT)/../cocos2d/external",
					"$(SRCROOT)/../cocos2d/external/chipmunk/include/chipmunk",
				);
				IPHONEOS_DEPLOYMENT_TARGET = 6.0;
				MACOSX_DEPLOYMENT_TARGET = 10.7;
				OTHER_CFLAGS = "-DNS_BLOCK_ASSERTIONS=1";
				PRODUCT_NAME = "$(TARGET_NAME)";
				SDKROOT = macosx;
				VALIDATE_PRODUCT = YES;
			};
			name = Release;
		};
/* End XCBuildConfiguration section */

/* Begin XCConfigurationList section */
		1D6058960D05DD3E006BFB54 /* Build configuration list for PBXNativeTarget "MyCppGame-mobile" */ = {
			isa = XCConfigurationList;
			buildConfigurations = (
				1D6058940D05DD3E006BFB54 /* Debug */,
				1D6058950D05DD3E006BFB54 /* Release */,
			);
			defaultConfigurationIsVisible = 0;
			defaultConfigurationName = Debug;
		};
		5087E76C17EB910900C73F5D /* Build configuration list for PBXNativeTarget "MyCppGame-desktop" */ = {
			isa = XCConfigurationList;
			buildConfigurations = (
				5087E76D17EB910900C73F5D /* Debug */,
				5087E76E17EB910900C73F5D /* Release */,
			);
			defaultConfigurationIsVisible = 0;
			defaultConfigurationName = Debug;
		};
		C01FCF4E08A954540054247B /* Build configuration list for PBXProject "MyCppGame" */ = {
			isa = XCConfigurationList;
			buildConfigurations = (
				C01FCF4F08A954540054247B /* Debug */,
				C01FCF5008A954540054247B /* Release */,
			);
			defaultConfigurationIsVisible = 0;
			defaultConfigurationName = Debug;
		};
/* End XCConfigurationList section */
	};
	rootObject = 29B97313FDCFA39411CA2CEA /* Project object */;
}
